---
lockfileVersion: 1
lockfileVendor: redhat
arches:
- arch: aarch64
  packages:
  - url: https://cdn-ubi.redhat.com/content/public/ubi/dist/ubi9/9/aarch64/appstream/os/Packages/p/python3-pyserial-3.4-12.el9.noarch.rpm
    repoid: ubi-9-appstream-rpms
    size: 189287
    checksum: sha256:1a17cbe0a1a6667c8bb1e1bb954e5b5ed03879164325f0aa585de85816b5da3f
    name: python3-pyserial
    evr: 3.4-12.el9
    sourcerpm: pyserial-3.4-12.el9.src.rpm
  - url: https://cdn-ubi.redhat.com/content/public/ubi/dist/ubi9/9/aarch64/baseos/os/Packages/a/acl-2.4.0-1.el9_8.aarch64.rpm
    repoid: ubi-9-baseos-rpms
    size: 84537
    checksum: sha256:241864fdb68d73b5a63df6269ae0895aec7c08e723fb0506fe446c148c9dad3f
    name: acl
    evr: 2.4.0-1.el9_8
    sourcerpm: acl-2.4.0-1.el9_8.src.rpm
  - url: https://cdn-ubi.redhat.com/content/public/ubi/dist/ubi9/9/aarch64/baseos/os/Packages/k/kbd-2.4.0-12.el9_8.aarch64.rpm
    repoid: ubi-9-baseos-rpms
    size: 419233
    checksum: sha256:2e9d8fa972d2cea49db46bea3655be88648092780f8be399d613f70ae1f99614
    name: kbd
    evr: 2.4.0-12.el9_8
    sourcerpm: kbd-2.4.0-12.el9_8.src.rpm
  - url: https://cdn-ubi.redhat.com/content/public/ubi/dist/ubi9/9/aarch64/baseos/os/Packages/k/kbd-legacy-2.4.0-12.el9_8.noarch.rpm
    repoid: ubi-9-baseos-rpms
    size: 581999
    checksum: sha256:afa9554281da4aee85281208c67f748363da116cd20703cf454ec8348b3e945d
    name: kbd-legacy
    evr: 2.4.0-12.el9_8
    sourcerpm: kbd-2.4.0-12.el9_8.src.rpm
  - url: https://cdn-ubi.redhat.com/content/public/ubi/dist/ubi9/9/aarch64/baseos/os/Packages/k/kbd-misc-2.4.0-12.el9_8.noarch.rpm
    repoid: ubi-9-baseos-rpms
    size: 1741836
    checksum: sha256:d18d23826f34a8b7b5ad64eacb4e32cbc0fa5f332d64d70e8e0c27e11b0f2506
    name: kbd-misc
    evr: 2.4.0-12.el9_8
    sourcerpm: kbd-2.4.0-12.el9_8.src.rpm
  - url: https://cdn-ubi.redhat.com/content/public/ubi/dist/ubi9/9/aarch64/baseos/os/Packages/k/kmod-28-11.el9.aarch64.rpm
    repoid: ubi-9-baseos-rpms
    size: 125869
    checksum: sha256:ed0cf7e6f05e0646f968e862c6b6764c5eac8378f918a33e1b78bcde7a994aa3
    name: kmod
    evr: 28-11.el9
    sourcerpm: kmod-28-11.el9.src.rpm
  - url: https://cdn-ubi.redhat.com/content/public/ubi/dist/ubi9/9/aarch64/baseos/os/Packages/l/libacl-2.4.0-1.el9_8.aarch64.rpm
    repoid: ubi-9-baseos-rpms
    size: 31468
    checksum: sha256:70ba010505e9805254f772c3dd9cd9e6176fc9e007e8c9be7204c44f85d8bbd2
    name: libacl
    evr: 2.4.0-1.el9_8
    sourcerpm: acl-2.4.0-1.el9_8.src.rpm
  - url: https://cdn-ubi.redhat.com/content/public/ubi/dist/ubi9/9/aarch64/baseos/os/Packages/l/libedit-3.1-39.20210216cvs.el9.aarch64.rpm
    repoid: ubi-9-baseos-rpms
    size: 110092
    checksum: sha256:93964f8c06574404f4a5b44781b698f556fbc22f7ae3c82d4d540619772f6816
    name: libedit
    evr: 3.1-39.20210216cvs.el9
    sourcerpm: libedit-3.1-39.20210216cvs.el9.src.rpm
  - url: https://cdn-ubi.redhat.com/content/public/ubi/dist/ubi9/9/aarch64/baseos/os/Packages/l/libfdisk-2.37.4-25.el9.aarch64.rpm
    repoid: ubi-9-baseos-rpms
    size: 156711
    checksum: sha256:af043918fc50ce5b3de50c48c3de0143140b692fbf639db6f259270c4211a776
    name: libfdisk
    evr: 2.37.4-25.el9
    sourcerpm: util-linux-2.37.4-25.el9.src.rpm
  - url: https://cdn-ubi.redhat.com/content/public/ubi/dist/ubi9/9/aarch64/baseos/os/Packages/l/libnl3-3.11.0-1.el9.aarch64.rpm
    repoid: ubi-9-baseos-rpms
    size: 363241
    checksum: sha256:91c7bf60c756cd2a457652b95e96e725068898f4ce580b70784fc60a099621b5
    name: libnl3
    evr: 3.11.0-1.el9
    sourcerpm: libnl3-3.11.0-1.el9.src.rpm
  - url: https://cdn-ubi.redhat.com/content/public/ubi/dist/ubi9/9/aarch64/baseos/os/Packages/l/libusbx-1.0.30-1.el9_8.aarch64.rpm
    repoid: ubi-9-baseos-rpms
    size: 84255
    checksum: sha256:bf6c3276eca3195ee1b0daa3d949a6ac93a962881d2287b20dbbce2841c4b006
    name: libusbx
    evr: 1.0.30-1.el9_8
    sourcerpm: libusbx-1.0.30-1.el9_8.src.rpm
  - url: https://cdn-ubi.redhat.com/content/public/ubi/dist/ubi9/9/aarch64/baseos/os/Packages/o/openssl-3.5.5-6.el9_8.aarch64.rpm
    repoid: ubi-9-baseos-rpms
    size: 1541002
    checksum: sha256:9f10be36d0d532c65a3f9a41f7d0cd3190b0b908f60850862cc24cab06cd1101
    name: openssl
    evr: 1:3.5.5-6.el9_8
    sourcerpm: openssl-3.5.5-6.el9_8.src.rpm
  - url: https://cdn-ubi.redhat.com/content/public/ubi/dist/ubi9/9/aarch64/baseos/os/Packages/s/systemd-252-67.el9_8.4.aarch64.rpm
    repoid: ubi-9-baseos-rpms
    size: 4156431
    checksum: sha256:f49001c208ea0ec7776b2353800f133d3383e72bda8486132dc6822a803aef9f
    name: systemd
    evr: 252-67.el9_8.4
    sourcerpm: systemd-252-67.el9_8.4.src.rpm
  - url: https://cdn-ubi.redhat.com/content/public/ubi/dist/ubi9/9/aarch64/baseos/os/Packages/s/systemd-libs-252-67.el9_8.4.aarch64.rpm
    repoid: ubi-9-baseos-rpms
    size: 647617
    checksum: sha256:78f8f784050b920675ce5d37d659213226265dd72de14ec10df291afae59d8b7
    name: systemd-libs
    evr: 252-67.el9_8.4
    sourcerpm: systemd-252-67.el9_8.4.src.rpm
  - url: https://cdn-ubi.redhat.com/content/public/ubi/dist/ubi9/9/aarch64/baseos/os/Packages/s/systemd-udev-252-67.el9_8.4.aarch64.rpm
    repoid: ubi-9-baseos-rpms
    size: 2077065
    checksum: sha256:4fc4e13ea73de65ccdbf1169da01325d228880ba82655ff480cbcc71304e230c
    name: systemd-udev
    evr: 252-67.el9_8.4
    sourcerpm: systemd-252-67.el9_8.4.src.rpm
  - url: https://cdn-ubi.redhat.com/content/public/ubi/dist/ubi9/9/aarch64/baseos/os/Packages/u/util-linux-2.37.4-25.el9.aarch64.rpm
    repoid: ubi-9-baseos-rpms
    size: 2390152
    checksum: sha256:3681bbe37d46309673f366135787f5713f0ef575e3cd413cd221af2512e3634b
    name: util-linux
    evr: 2.37.4-25.el9
    sourcerpm: util-linux-2.37.4-25.el9.src.rpm
  - url: https://cdn-ubi.redhat.com/content/public/ubi/dist/ubi9/9/aarch64/baseos/os/Packages/u/util-linux-core-2.37.4-25.el9.aarch64.rpm
    repoid: ubi-9-baseos-rpms
    size: 472949
    checksum: sha256:de7ad826dd42b383d93f6dc6b720a26d4cd4815d00c0f093c2e28037a8881424
    name: util-linux-core
    evr: 2.37.4-25.el9
    sourcerpm: util-linux-2.37.4-25.el9.src.rpm
  - url: https://mirror.stream.centos.org/9-stream/AppStream/aarch64/os/Packages/gpsd-minimal-3.26.1-2.el9.aarch64.rpm
    repoid: appstream
    size: 626724
    checksum: sha256:9f9e58bed37feef69bb2adc2c6b08edec1af4af0259f229ca0acdb35b5d27eb3
    name: gpsd-minimal
    evr: 1:3.26.1-2.el9
    sourcerpm: gpsd-minimal-3.26.1-2.el9.src.rpm
  - url: https://mirror.stream.centos.org/9-stream/AppStream/aarch64/os/Packages/gpsd-minimal-clients-3.26.1-2.el9.aarch64.rpm
    repoid: appstream
    size: 722936
    checksum: sha256:152d4d930b742c11f03e65b20a292666342f1081a4bed5dcee05cb20838e0a20
    name: gpsd-minimal-clients
    evr: 1:3.26.1-2.el9
    sourcerpm: gpsd-minimal-3.26.1-2.el9.src.rpm
  - url: https://mirror.stream.centos.org/9-stream/AppStream/aarch64/os/Packages/linuxptp-4.4-6.el9.aarch64.rpm
    repoid: appstream
    size: 316932
    checksum: sha256:187e26906000e4583ca68e7d4fd3854d9b994c3f4cd92c1b4b3d831808a74884
    name: linuxptp
    evr: 4.4-6.el9
    sourcerpm: linuxptp-4.4-6.el9.src.rpm
  - url: https://mirror.stream.centos.org/9-stream/AppStream/aarch64/os/Packages/synce4l-1.1.0-2.el9.aarch64.rpm
    repoid: appstream
    size: 66733
    checksum: sha256:27c75f8a75cb30fcaccf8d27033e958bcde3634ae9cdb9feb09189d9f4b39501
    name: synce4l
    evr: 1.1.0-2.el9
    sourcerpm: synce4l-1.1.0-2.el9.src.rpm
  - url: https://mirror.stream.centos.org/9-stream/BaseOS/aarch64/os/Packages/bluez-libs-5.87+1.git30db66dc971b-1.el9.aarch64.rpm
    repoid: baseos
    size: 87628
    checksum: sha256:066156175e55c354143d511091598d291cd45ca50715cee3aacb7d6d5877a7a2
    name: bluez-libs
    evr: 5.87+1.git30db66dc971b-1.el9
    sourcerpm: bluez-5.87+1.git30db66dc971b-1.el9.src.rpm
  - url: https://mirror.stream.centos.org/9-stream/BaseOS/aarch64/os/Packages/chrony-4.8-1.el9.aarch64.rpm
    repoid: baseos
    size: 354736
    checksum: sha256:f948521bf673d0e862d63478da823f0df2673bd9be8c81a196ab5fa164bffa10
    name: chrony
    evr: 4.8-1.el9
    sourcerpm: chrony-4.8-1.el9.src.rpm
  - url: https://mirror.stream.centos.org/9-stream/BaseOS/aarch64/os/Packages/cryptsetup-libs-2.8.6-2.el9.aarch64.rpm
    repoid: baseos
    size: 576268
    checksum: sha256:55e42a2a739f4dd71a7ef2b546f399fd00520abe4817ea92ed21424238b5f88b
    name: cryptsetup-libs
    evr: 2.8.6-2.el9
    sourcerpm: cryptsetup-2.8.6-2.el9.src.rpm
  - url: https://mirror.stream.centos.org/9-stream/BaseOS/aarch64/os/Packages/device-mapper-1.02.207-6.el9.aarch64.rpm
    repoid: baseos
    size: 141089
    checksum: sha256:c6631f4b5aa5c4e9d758f643cc259823b24d2d3c8af9d3343448d3ca2fe3a8e7
    name: device-mapper
    evr: 9:1.02.207-6.el9
    sourcerpm: lvm2-2.03.33-6.el9.src.rpm
  - url: https://mirror.stream.centos.org/9-stream/BaseOS/aarch64/os/Packages/device-mapper-libs-1.02.207-6.el9.aarch64.rpm
    repoid: baseos
    size: 177220
    checksum: sha256:afb5d271de7b817f416f248e3e219ebaae5ab79e409cb16ac01f7523b61a6cfd
    name: device-mapper-libs
    evr: 9:1.02.207-6.el9
    sourcerpm: lvm2-2.03.33-6.el9.src.rpm
  - url: https://mirror.stream.centos.org/9-stream/BaseOS/aarch64/os/Packages/ethtool-6.19-1.el9.aarch64.rpm
    repoid: baseos
    size: 327170
    checksum: sha256:2097041dcea0647f86a854ba1732780bf02e3dd28d07f57f7b3d162a1b995d6e
    name: ethtool
    evr: 2:6.19-1.el9
    sourcerpm: ethtool-6.19-1.el9.src.rpm
  - url: https://mirror.stream.centos.org/9-stream/BaseOS/aarch64/os/Packages/hwdata-0.348-9.24.el9.noarch.rpm
    repoid: baseos
    size: 1802687
    checksum: sha256:ef9ff468eefa5655bc20eb0ace4fa4a54a6181e20b83f27167dd8d344485be9a
    name: hwdata
    evr: 0.348-9.24.el9
    sourcerpm: hwdata-0.348-9.24.el9.src.rpm
  - url: https://mirror.stream.centos.org/9-stream/BaseOS/aarch64/os/Packages/pciutils-3.7.0-8.el9.aarch64.rpm
    repoid: baseos
    size: 90992
    checksum: sha256:17d4271903c9304de829fa0e398fdf810846a43532e41106259a8aa66ea7ab3b
    name: pciutils
    evr: 3.7.0-8.el9
    sourcerpm: pciutils-3.7.0-8.el9.src.rpm
  - url: https://mirror.stream.centos.org/9-stream/BaseOS/aarch64/os/Packages/pciutils-libs-3.7.0-8.el9.aarch64.rpm
    repoid: baseos
    size: 38459
    checksum: sha256:a619490e50eeb5752ee7c72a5eb773061466b8ee0dfbba83aa598dc9cdfd41c8
    name: pciutils-libs
    evr: 3.7.0-8.el9
    sourcerpm: pciutils-3.7.0-8.el9.src.rpm
  - url: https://mirror.stream.centos.org/9-stream/BaseOS/aarch64/os/Packages/procps-ng-3.3.17-15.el9.aarch64.rpm
    repoid: baseos
    size: 353906
    checksum: sha256:f761273cb213c1c5644298dbb0c00a6e85b3b47b0a03d07357dfc88d7e5404fc
    name: procps-ng
    evr: 3.3.17-15.el9
    sourcerpm: procps-ng-3.3.17-15.el9.src.rpm
  source:
  - url: https://cdn-ubi.redhat.com/content/public/ubi/dist/ubi9/9/aarch64/appstream/source/SRPMS/Packages/p/pyserial-3.4-12.el9.src.rpm
    repoid: ubi-9-appstream-source-rpms
    size: 163449
    checksum: sha256:4111a8613d41912213ddebe4c4c7d10989c72d38ffd7da906c03d0e220bbfd44
    name: pyserial
    evr: 3.4-12.el9
  - url: https://cdn-ubi.redhat.com/content/public/ubi/dist/ubi9/9/aarch64/baseos/source/SRPMS/Packages/a/acl-2.4.0-1.el9_8.src.rpm
    repoid: ubi-9-baseos-source-rpms
    size: 609918
    checksum: sha256:b140deb68f46517b0093e18969d8fb42a17216064fb2ee5783e9316d786430db
    name: acl
    evr: 2.4.0-1.el9_8
  - url: https://cdn-ubi.redhat.com/content/public/ubi/dist/ubi9/9/aarch64/baseos/source/SRPMS/Packages/k/kbd-2.4.0-12.el9_8.src.rpm
    repoid: ubi-9-baseos-source-rpms
    size: 1172413
    checksum: sha256:c7d4b32363a01f7ed26d3253a52e6d74bb11b6748e8e0f3ff4871036de2d8da7
    name: kbd
    evr: 2.4.0-12.el9_8
  - url: https://cdn-ubi.redhat.com/content/public/ubi/dist/ubi9/9/aarch64/baseos/source/SRPMS/Packages/k/kmod-28-11.el9.src.rpm
    repoid: ubi-9-baseos-source-rpms
    size: 579198
    checksum: sha256:4f6fefbf0d004b23494fe18ccfff2b9151ea887a276c56a6f25ea597a250991c
    name: kmod
    evr: 28-11.el9
  - url: https://cdn-ubi.redhat.com/content/public/ubi/dist/ubi9/9/aarch64/baseos/source/SRPMS/Packages/l/libedit-3.1-39.20210216cvs.el9.src.rpm
    repoid: ubi-9-baseos-source-rpms
    size: 536886
    checksum: sha256:6fc876ae57fdeb5d64557015d9225f828c95029314bc5f26e31127e95c373244
    name: libedit
    evr: 3.1-39.20210216cvs.el9
  - url: https://cdn-ubi.redhat.com/content/public/ubi/dist/ubi9/9/aarch64/baseos/source/SRPMS/Packages/l/libnl3-3.11.0-1.el9.src.rpm
    repoid: ubi-9-baseos-source-rpms
    size: 5068824
    checksum: sha256:13f6ea90f26fbc96e3754584a576c03ca41221fc939164f5a7b6341a6372fd7a
    name: libnl3
    evr: 3.11.0-1.el9
  - url: https://cdn-ubi.redhat.com/content/public/ubi/dist/ubi9/9/aarch64/baseos/source/SRPMS/Packages/l/libusbx-1.0.30-1.el9_8.src.rpm
    repoid: ubi-9-baseos-source-rpms
    size: 672832
    checksum: sha256:2392c9af1b8e09c077a81248dbc667e855e0c6b0ad863898f14d24b4c218ed35
    name: libusbx
    evr: 1.0.30-1.el9_8
  - url: https://cdn-ubi.redhat.com/content/public/ubi/dist/ubi9/9/aarch64/baseos/source/SRPMS/Packages/o/openssl-3.5.5-6.el9_8.src.rpm
    repoid: ubi-9-baseos-source-rpms
    size: 53369050
    checksum: sha256:b79f08d2d04536fdb6801b6ba7da7174942d174dd2b7969316402c737689d735
    name: openssl
    evr: 1:3.5.5-6.el9_8
  - url: https://cdn-ubi.redhat.com/content/public/ubi/dist/ubi9/9/aarch64/baseos/source/SRPMS/Packages/s/systemd-252-67.el9_8.4.src.rpm
    repoid: ubi-9-baseos-source-rpms
    size: 45009674
    checksum: sha256:e44181d1de2a135a5507b956d18a9eb11951a35aaa9c15dbc0f144ed8313f732
    name: systemd
    evr: 252-67.el9_8.4
  - url: https://cdn-ubi.redhat.com/content/public/ubi/dist/ubi9/9/aarch64/baseos/source/SRPMS/Packages/u/util-linux-2.37.4-25.el9.src.rpm
    repoid: ubi-9-baseos-source-rpms
    size: 6291867
    checksum: sha256:6c788387cde9c0fde5481382f3f8416e3ecbcf09c908b409b6c63358b90a399f
    name: util-linux
    evr: 2.37.4-25.el9
  - url: https://mirror.stream.centos.org/9-stream/AppStream/source/tree/Packages/gpsd-minimal-3.26.1-2.el9.src.rpm
    repoid: appstream-source
    size: 11647206
    checksum: sha256:2928e36a9067a6e987ec2cae547bad50ebde3f906998fcc04a21013fc7a4f539
    name: gpsd-minimal
    evr: 1:3.26.1-2.el9
  - url: https://mirror.stream.centos.org/9-stream/AppStream/source/tree/Packages/linuxptp-4.4-6.el9.src.rpm
    repoid: appstream-source
    size: 408175
    checksum: sha256:b12de67183a45f40506fbcdf6480a798c6cf67788c740d8d1057e2cfe82cf056
    name: linuxptp
    evr: 4.4-6.el9
  - url: https://mirror.stream.centos.org/9-stream/AppStream/source/tree/Packages/synce4l-1.1.0-2.el9.src.rpm
    repoid: appstream-source
    size: 101764
    checksum: sha256:675f10b1752218152a081e226248c6c044687d9336ada4d3050972c46c842473
    name: synce4l
    evr: 1.1.0-2.el9
  - url: https://mirror.stream.centos.org/9-stream/BaseOS/source/tree/Packages/bluez-5.87+1.git30db66dc971b-1.el9.src.rpm
    repoid: baseos-source
    size: 1935385
    checksum: sha256:76ce7dc2eabf83d849b933f31c1422e867651f89009bedb55f2b4e08e7254830
    name: bluez
    evr: 5.87+1.git30db66dc971b-1.el9
  - url: https://mirror.stream.centos.org/9-stream/BaseOS/source/tree/Packages/chrony-4.8-1.el9.src.rpm
    repoid: baseos-source
    size: 727990
    checksum: sha256:5056fc24081b28272d0accba047e54066f9bbf9c553ebffe8e5a803373feba2c
    name: chrony
    evr: 4.8-1.el9
  - url: https://mirror.stream.centos.org/9-stream/BaseOS/source/tree/Packages/cryptsetup-2.8.6-2.el9.src.rpm
    repoid: baseos-source
    size: 11932238
    checksum: sha256:0eaa1623e4e8db6595fadd0c030e4f281c56e6f8795ec7e690cbedfa5e0be399
    name: cryptsetup
    evr: 2.8.6-2.el9
  - url: https://mirror.stream.centos.org/9-stream/BaseOS/source/tree/Packages/ethtool-6.19-1.el9.src.rpm
    repoid: baseos-source
    size: 468515
    checksum: sha256:4115b7dfc7027b3e1cf6d8bc526d782692d98d36921a4d661a4b6aaea4411edb
    name: ethtool
    evr: 2:6.19-1.el9
  - url: https://mirror.stream.centos.org/9-stream/BaseOS/source/tree/Packages/hwdata-0.348-9.24.el9.src.rpm
    repoid: baseos-source
    size: 2646536
    checksum: sha256:9b494c73efc7535def746ae462b1a665c7f2cb04c00253a4acb2571a65ceb1d6
    name: hwdata
    evr: 0.348-9.24.el9
  - url: https://mirror.stream.centos.org/9-stream/BaseOS/source/tree/Packages/lvm2-2.03.33-6.el9.src.rpm
    repoid: baseos-source
    size: 3217522
    checksum: sha256:6a7b894505d75a14077ab5734217c958d9054fa87f7b05d15f4f37681bee13ff
    name: lvm2
    evr: 9:2.03.33-6.el9
  - url: https://mirror.stream.centos.org/9-stream/BaseOS/source/tree/Packages/pciutils-3.7.0-8.el9.src.rpm
    repoid: baseos-source
    size: 395241
    checksum: sha256:fdd48b5b4e0d8f79a06cbeaa593d0b8fe3b8c4d7a8be7ccb0be6ef9503bf06ab
    name: pciutils
    evr: 3.7.0-8.el9
  - url: https://mirror.stream.centos.org/9-stream/BaseOS/source/tree/Packages/procps-ng-3.3.17-15.el9.src.rpm
    repoid: baseos-source
    size: 1048592
    checksum: sha256:9a0b1e95430dbc46938d95418be58aa992e0206190abc2daefd20d49b732142c
    name: procps-ng
    evr: 3.3.17-15.el9
  module_metadata: []
- arch: x86_64
  packages:
  - url: https://cdn-ubi.redhat.com/content/public/ubi/dist/ubi9/9/x86_64/appstream/os/Packages/p/python3-pyserial-3.4-12.el9.noarch.rpm
    repoid: ubi-9-appstream-rpms
    size: 189287
    checksum: sha256:1a17cbe0a1a6667c8bb1e1bb954e5b5ed03879164325f0aa585de85816b5da3f
    name: python3-pyserial
    evr: 3.4-12.el9
    sourcerpm: pyserial-3.4-12.el9.src.rpm
  - url: https://cdn-ubi.redhat.com/content/public/ubi/dist/ubi9/9/x86_64/baseos/os/Packages/a/acl-2.4.0-1.el9_8.x86_64.rpm
    repoid: ubi-9-baseos-rpms
    size: 85269
    checksum: sha256:611da2c85401a2f26dba165c0be27b2e62fa71ceb5c392c8f5a9d30c31238d5b
    name: acl
    evr: 2.4.0-1.el9_8
    sourcerpm: acl-2.4.0-1.el9_8.src.rpm
  - url: https://cdn-ubi.redhat.com/content/public/ubi/dist/ubi9/9/x86_64/baseos/os/Packages/k/kbd-2.4.0-12.el9_8.x86_64.rpm
    repoid: ubi-9-baseos-rpms
    size: 432856
    checksum: sha256:0c34db3a591e2b407f842a9a88a2dd934e5828fd706298f08b48c8717aeb140f
    name: kbd
    evr: 2.4.0-12.el9_8
    sourcerpm: kbd-2.4.0-12.el9_8.src.rpm
  - url: https://cdn-ubi.redhat.com/content/public/ubi/dist/ubi9/9/x86_64/baseos/os/Packages/k/kbd-legacy-2.4.0-12.el9_8.noarch.rpm
    repoid: ubi-9-baseos-rpms
    size: 581999
    checksum: sha256:afa9554281da4aee85281208c67f748363da116cd20703cf454ec8348b3e945d
    name: kbd-legacy
    evr: 2.4.0-12.el9_8
    sourcerpm: kbd-2.4.0-12.el9_8.src.rpm
  - url: https://cdn-ubi.redhat.com/content/public/ubi/dist/ubi9/9/x86_64/baseos/os/Packages/k/kbd-misc-2.4.0-12.el9_8.noarch.rpm
    repoid: ubi-9-baseos-rpms
    size: 1741836
    checksum: sha256:d18d23826f34a8b7b5ad64eacb4e32cbc0fa5f332d64d70e8e0c27e11b0f2506
    name: kbd-misc
    evr: 2.4.0-12.el9_8
    sourcerpm: kbd-2.4.0-12.el9_8.src.rpm
  - url: https://cdn-ubi.redhat.com/content/public/ubi/dist/ubi9/9/x86_64/baseos/os/Packages/k/kmod-28-11.el9.x86_64.rpm
    repoid: ubi-9-baseos-rpms
    size: 127775
    checksum: sha256:f85ac587f3c6abab55c30986b5f4af790c3fa2f2a413057db8e9250c79825b5d
    name: kmod
    evr: 28-11.el9
    sourcerpm: kmod-28-11.el9.src.rpm
  - url: https://cdn-ubi.redhat.com/content/public/ubi/dist/ubi9/9/x86_64/baseos/os/Packages/l/libacl-2.4.0-1.el9_8.x86_64.rpm
    repoid: ubi-9-baseos-rpms
    size: 31657
    checksum: sha256:a81fb7a4d7c946e9bd886ee3c471a4b5040dedbb8ffb2a388120b2094be93cc8
    name: libacl
    evr: 2.4.0-1.el9_8
    sourcerpm: acl-2.4.0-1.el9_8.src.rpm
  - url: https://cdn-ubi.redhat.com/content/public/ubi/dist/ubi9/9/x86_64/baseos/os/Packages/l/libedit-3.1-39.20210216cvs.el9.x86_64.rpm
    repoid: ubi-9-baseos-rpms
    size: 112056
    checksum: sha256:65a730688dfea27934b75af3acf30150c6d254c89d8b68b63233ae7f8b6c9b94
    name: libedit
    evr: 3.1-39.20210216cvs.el9
    sourcerpm: libedit-3.1-39.20210216cvs.el9.src.rpm
  - url: https://cdn-ubi.redhat.com/content/public/ubi/dist/ubi9/9/x86_64/baseos/os/Packages/l/libfdisk-2.37.4-25.el9.x86_64.rpm
    repoid: ubi-9-baseos-rpms
    size: 161769
    checksum: sha256:1b861f267752e718ce696a80dcc06ef1dde8e9aa73fa2abed3775626d719c124
    name: libfdisk
    evr: 2.37.4-25.el9
    sourcerpm: util-linux-2.37.4-25.el9.src.rpm
  - url: https://cdn-ubi.redhat.com/content/public/ubi/dist/ubi9/9/x86_64/baseos/os/Packages/l/libnl3-3.11.0-1.el9.x86_64.rpm
    repoid: ubi-9-baseos-rpms
    size: 376137
    checksum: sha256:89728a253a5bf1c8e01c40573f1283d40188e003bdbd4ac565f8b0f05bced55c
    name: libnl3
    evr: 3.11.0-1.el9
    sourcerpm: libnl3-3.11.0-1.el9.src.rpm
  - url: https://cdn-ubi.redhat.com/content/public/ubi/dist/ubi9/9/x86_64/baseos/os/Packages/l/libusbx-1.0.30-1.el9_8.x86_64.rpm
    repoid: ubi-9-baseos-rpms
    size: 85599
    checksum: sha256:b3f1667b4f2184b9a1d6a5b2d5fe9098c391a1bfd388b07e58df421f62f2fced
    name: libusbx
    evr: 1.0.30-1.el9_8
    sourcerpm: libusbx-1.0.30-1.el9_8.src.rpm
  - url: https://cdn-ubi.redhat.com/content/public/ubi/dist/ubi9/9/x86_64/baseos/os/Packages/o/openssl-3.5.5-6.el9_8.x86_64.rpm
    repoid: ubi-9-baseos-rpms
    size: 1564334
    checksum: sha256:1c502507f42674119318b66b111448f618efe2767a55edde5fadddcecb47ac64
    name: openssl
    evr: 1:3.5.5-6.el9_8
    sourcerpm: openssl-3.5.5-6.el9_8.src.rpm
  - url: https://cdn-ubi.redhat.com/content/public/ubi/dist/ubi9/9/x86_64/baseos/os/Packages/s/systemd-252-67.el9_8.4.x86_64.rpm
    repoid: ubi-9-baseos-rpms
    size: 4401138
    checksum: sha256:e3cbe70aaa847f1b02bd4ea9470625434c26b25368cbfcb0e9a18de99e3bc1c7
    name: systemd
    evr: 252-67.el9_8.4
    sourcerpm: systemd-252-67.el9_8.4.src.rpm
  - url: https://cdn-ubi.redhat.com/content/public/ubi/dist/ubi9/9/x86_64/baseos/os/Packages/s/systemd-libs-252-67.el9_8.4.x86_64.rpm
    repoid: ubi-9-baseos-rpms
    size: 681056
    checksum: sha256:ca5a11f102b0e3a32fdddf017a4509984db83290d7364c9566d037d0ef7f1e66
    name: systemd-libs
    evr: 252-67.el9_8.4
    sourcerpm: systemd-252-67.el9_8.4.src.rpm
  - url: https://cdn-ubi.redhat.com/content/public/ubi/dist/ubi9/9/x86_64/baseos/os/Packages/s/systemd-udev-252-67.el9_8.4.x86_64.rpm
    repoid: ubi-9-baseos-rpms
    size: 2126933
    checksum: sha256:9d507b1c2a6c9545f892e2e0bd3cc2891228eaac8f0d6104a4924b737f5ad648
    name: systemd-udev
    evr: 252-67.el9_8.4
    sourcerpm: systemd-252-67.el9_8.4.src.rpm
  - url: https://cdn-ubi.redhat.com/content/public/ubi/dist/ubi9/9/x86_64/baseos/os/Packages/u/util-linux-2.37.4-25.el9.x86_64.rpm
    repoid: ubi-9-baseos-rpms
    size: 2382511
    checksum: sha256:35e0b73e574a7d8e93af0adf54adb2303f03423fd5761e357df86288f59d7933
    name: util-linux
    evr: 2.37.4-25.el9
    sourcerpm: util-linux-2.37.4-25.el9.src.rpm
  - url: https://cdn-ubi.redhat.com/content/public/ubi/dist/ubi9/9/x86_64/baseos/os/Packages/u/util-linux-core-2.37.4-25.el9.x86_64.rpm
    repoid: ubi-9-baseos-rpms
    size: 476811
    checksum: sha256:5575c8fc753d5a81022786dac33e172a6d1602ef41d247a58465754d3f952726
    name: util-linux-core
    evr: 2.37.4-25.el9
    sourcerpm: util-linux-2.37.4-25.el9.src.rpm
  - url: https://mirror.stream.centos.org/9-stream/AppStream/x86_64/os/Packages/gpsd-minimal-3.26.1-2.el9.x86_64.rpm
    repoid: appstream
    size: 630567
    checksum: sha256:783246314fcad3a7a639fc2eb3e826dae2e2822edfcaa1bff8592cbf03fa16cc
    name: gpsd-minimal
    evr: 1:3.26.1-2.el9
    sourcerpm: gpsd-minimal-3.26.1-2.el9.src.rpm
  - url: https://mirror.stream.centos.org/9-stream/AppStream/x86_64/os/Packages/gpsd-minimal-clients-3.26.1-2.el9.x86_64.rpm
    repoid: appstream
    size: 697378
    checksum: sha256:5aeb959dfca158092c2486440aaeb24dbb7ab2f28baefddfe4b05b85525d76d4
    name: gpsd-minimal-clients
    evr: 1:3.26.1-2.el9
    sourcerpm: gpsd-minimal-3.26.1-2.el9.src.rpm
  - url: https://mirror.stream.centos.org/9-stream/AppStream/x86_64/os/Packages/linuxptp-4.4-6.el9.x86_64.rpm
    repoid: appstream
    size: 312193
    checksum: sha256:78813ccd071cbaf32dabe47ee34ae69c806db1e2da62e92e3aa17e9039ce8e77
    name: linuxptp
    evr: 4.4-6.el9
    sourcerpm: linuxptp-4.4-6.el9.src.rpm
  - url: https://mirror.stream.centos.org/9-stream/AppStream/x86_64/os/Packages/synce4l-1.1.0-2.el9.x86_64.rpm
    repoid: appstream
    size: 67628
    checksum: sha256:4a7bb584bd86eeee12e081650bab71dd16d9fb23da5575156819dced9b60591d
    name: synce4l
    evr: 1.1.0-2.el9
    sourcerpm: synce4l-1.1.0-2.el9.src.rpm
  - url: https://mirror.stream.centos.org/9-stream/BaseOS/x86_64/os/Packages/bluez-libs-5.87+1.git30db66dc971b-1.el9.x86_64.rpm
    repoid: baseos
    size: 83814
    checksum: sha256:287c496d242bed6e7c7476342f7bbd4d8789f8db5d3a2155fda9535577e86321
    name: bluez-libs
    evr: 5.87+1.git30db66dc971b-1.el9
    sourcerpm: bluez-5.87+1.git30db66dc971b-1.el9.src.rpm
  - url: https://mirror.stream.centos.org/9-stream/BaseOS/x86_64/os/Packages/chrony-4.8-1.el9.x86_64.rpm
    repoid: baseos
    size: 358902
    checksum: sha256:b8cde8a53153f32e869834c6c7a84f5f6d2f2b6275b278ce0e18961ea1dd836f
    name: chrony
    evr: 4.8-1.el9
    sourcerpm: chrony-4.8-1.el9.src.rpm
  - url: https://mirror.stream.centos.org/9-stream/BaseOS/x86_64/os/Packages/cryptsetup-libs-2.8.6-2.el9.x86_64.rpm
    repoid: baseos
    size: 580384
    checksum: sha256:2e221d268cd3d2ba1e925f593a9afc0daa6c0aff96ff801a63291241782576fc
    name: cryptsetup-libs
    evr: 2.8.6-2.el9
    sourcerpm: cryptsetup-2.8.6-2.el9.src.rpm
  - url: https://mirror.stream.centos.org/9-stream/BaseOS/x86_64/os/Packages/device-mapper-1.02.207-6.el9.x86_64.rpm
    repoid: baseos
    size: 143027
    checksum: sha256:ffedc788a02c0bd900e38fbd755a7d2911e4dc4f58c7359db26c31772b0f4563
    name: device-mapper
    evr: 9:1.02.207-6.el9
    sourcerpm: lvm2-2.03.33-6.el9.src.rpm
  - url: https://mirror.stream.centos.org/9-stream/BaseOS/x86_64/os/Packages/device-mapper-libs-1.02.207-6.el9.x86_64.rpm
    repoid: baseos
    size: 183618
    checksum: sha256:a1ed5a79d3d61cfdfa44f1d4f71a38da0e56f6bb3826d6c86a6131e7ebd0c8db
    name: device-mapper-libs
    evr: 9:1.02.207-6.el9
    sourcerpm: lvm2-2.03.33-6.el9.src.rpm
  - url: https://mirror.stream.centos.org/9-stream/BaseOS/x86_64/os/Packages/ethtool-6.19-1.el9.x86_64.rpm
    repoid: baseos
    size: 344746
    checksum: sha256:2a67d85bfacca068d4bbe705ba9858b4c0ceaed5e1c111b03b72fb3f6ba16ea7
    name: ethtool
    evr: 2:6.19-1.el9
    sourcerpm: ethtool-6.19-1.el9.src.rpm
  - url: https://mirror.stream.centos.org/9-stream/BaseOS/x86_64/os/Packages/hwdata-0.348-9.24.el9.noarch.rpm
    repoid: baseos
    size: 1802687
    checksum: sha256:ef9ff468eefa5655bc20eb0ace4fa4a54a6181e20b83f27167dd8d344485be9a
    name: hwdata
    evr: 0.348-9.24.el9
    sourcerpm: hwdata-0.348-9.24.el9.src.rpm
  - url: https://mirror.stream.centos.org/9-stream/BaseOS/x86_64/os/Packages/pciutils-3.7.0-8.el9.x86_64.rpm
    repoid: baseos
    size: 93974
    checksum: sha256:90497015f36f8327701c1471f9255fc8f379dd9f08685a11836f48a882976fb5
    name: pciutils
    evr: 3.7.0-8.el9
    sourcerpm: pciutils-3.7.0-8.el9.src.rpm
  - url: https://mirror.stream.centos.org/9-stream/BaseOS/x86_64/os/Packages/pciutils-libs-3.7.0-8.el9.x86_64.rpm
    repoid: baseos
    size: 40783
    checksum: sha256:63526d1a912690cba2bb88c5616681bfd403b527bec7a2033ef2f147911e2c49
    name: pciutils-libs
    evr: 3.7.0-8.el9
    sourcerpm: pciutils-3.7.0-8.el9.src.rpm
  - url: https://mirror.stream.centos.org/9-stream/BaseOS/x86_64/os/Packages/procps-ng-3.3.17-15.el9.x86_64.rpm
    repoid: baseos
    size: 352846
    checksum: sha256:92732e06c5bd35dd5eb4d8e0c568a6563db0cd2dbef65031f0bb2e4341de2fc3
    name: procps-ng
    evr: 3.3.17-15.el9
    sourcerpm: procps-ng-3.3.17-15.el9.src.rpm
  source:
  - url: https://cdn-ubi.redhat.com/content/public/ubi/dist/ubi9/9/x86_64/appstream/source/SRPMS/Packages/p/pyserial-3.4-12.el9.src.rpm
    repoid: ubi-9-appstream-source-rpms
    size: 163449
    checksum: sha256:4111a8613d41912213ddebe4c4c7d10989c72d38ffd7da906c03d0e220bbfd44
    name: pyserial
    evr: 3.4-12.el9
  - url: https://cdn-ubi.redhat.com/content/public/ubi/dist/ubi9/9/x86_64/baseos/source/SRPMS/Packages/a/acl-2.4.0-1.el9_8.src.rpm
    repoid: ubi-9-baseos-source-rpms
    size: 609918
    checksum: sha256:b140deb68f46517b0093e18969d8fb42a17216064fb2ee5783e9316d786430db
    name: acl
    evr: 2.4.0-1.el9_8
  - url: https://cdn-ubi.redhat.com/content/public/ubi/dist/ubi9/9/x86_64/baseos/source/SRPMS/Packages/k/kbd-2.4.0-12.el9_8.src.rpm
    repoid: ubi-9-baseos-source-rpms
    size: 1172413
    checksum: sha256:c7d4b32363a01f7ed26d3253a52e6d74bb11b6748e8e0f3ff4871036de2d8da7
    name: kbd
    evr: 2.4.0-12.el9_8
  - url: https://cdn-ubi.redhat.com/content/public/ubi/dist/ubi9/9/x86_64/baseos/source/SRPMS/Packages/k/kmod-28-11.el9.src.rpm
    repoid: ubi-9-baseos-source-rpms
    size: 579198
    checksum: sha256:4f6fefbf0d004b23494fe18ccfff2b9151ea887a276c56a6f25ea597a250991c
    name: kmod
    evr: 28-11.el9
  - url: https://cdn-ubi.redhat.com/content/public/ubi/dist/ubi9/9/x86_64/baseos/source/SRPMS/Packages/l/libedit-3.1-39.20210216cvs.el9.src.rpm
    repoid: ubi-9-baseos-source-rpms
    size: 536886
    checksum: sha256:6fc876ae57fdeb5d64557015d9225f828c95029314bc5f26e31127e95c373244
    name: libedit
    evr: 3.1-39.20210216cvs.el9
  - url: https://cdn-ubi.redhat.com/content/public/ubi/dist/ubi9/9/x86_64/baseos/source/SRPMS/Packages/l/libnl3-3.11.0-1.el9.src.rpm
    repoid: ubi-9-baseos-source-rpms
    size: 5068824
    checksum: sha256:13f6ea90f26fbc96e3754584a576c03ca41221fc939164f5a7b6341a6372fd7a
    name: libnl3
    evr: 3.11.0-1.el9
  - url: https://cdn-ubi.redhat.com/content/public/ubi/dist/ubi9/9/x86_64/baseos/source/SRPMS/Packages/l/libusbx-1.0.30-1.el9_8.src.rpm
    repoid: ubi-9-baseos-source-rpms
    size: 672832
    checksum: sha256:2392c9af1b8e09c077a81248dbc667e855e0c6b0ad863898f14d24b4c218ed35
    name: libusbx
    evr: 1.0.30-1.el9_8
  - url: https://cdn-ubi.redhat.com/content/public/ubi/dist/ubi9/9/x86_64/baseos/source/SRPMS/Packages/o/openssl-3.5.5-6.el9_8.src.rpm
    repoid: ubi-9-baseos-source-rpms
    size: 53369050
    checksum: sha256:b79f08d2d04536fdb6801b6ba7da7174942d174dd2b7969316402c737689d735
    name: openssl
    evr: 1:3.5.5-6.el9_8
  - url: https://cdn-ubi.redhat.com/content/public/ubi/dist/ubi9/9/x86_64/baseos/source/SRPMS/Packages/s/systemd-252-67.el9_8.4.src.rpm
    repoid: ubi-9-baseos-source-rpms
    size: 45009674
    checksum: sha256:e44181d1de2a135a5507b956d18a9eb11951a35aaa9c15dbc0f144ed8313f732
    name: systemd
    evr: 252-67.el9_8.4
  - url: https://cdn-ubi.redhat.com/content/public/ubi/dist/ubi9/9/x86_64/baseos/source/SRPMS/Packages/u/util-linux-2.37.4-25.el9.src.rpm
    repoid: ubi-9-baseos-source-rpms
    size: 6291867
    checksum: sha256:6c788387cde9c0fde5481382f3f8416e3ecbcf09c908b409b6c63358b90a399f
    name: util-linux
    evr: 2.37.4-25.el9
  - url: https://mirror.stream.centos.org/9-stream/AppStream/source/tree/Packages/gpsd-minimal-3.26.1-2.el9.src.rpm
    repoid: appstream-source
    size: 11647206
    checksum: sha256:2928e36a9067a6e987ec2cae547bad50ebde3f906998fcc04a21013fc7a4f539
    name: gpsd-minimal
    evr: 1:3.26.1-2.el9
  - url: https://mirror.stream.centos.org/9-stream/AppStream/source/tree/Packages/linuxptp-4.4-6.el9.src.rpm
    repoid: appstream-source
    size: 408175
    checksum: sha256:b12de67183a45f40506fbcdf6480a798c6cf67788c740d8d1057e2cfe82cf056
    name: linuxptp
    evr: 4.4-6.el9
  - url: https://mirror.stream.centos.org/9-stream/AppStream/source/tree/Packages/synce4l-1.1.0-2.el9.src.rpm
    repoid: appstream-source
    size: 101764
    checksum: sha256:675f10b1752218152a081e226248c6c044687d9336ada4d3050972c46c842473
    name: synce4l
    evr: 1.1.0-2.el9
  - url: https://mirror.stream.centos.org/9-stream/BaseOS/source/tree/Packages/bluez-5.87+1.git30db66dc971b-1.el9.src.rpm
    repoid: baseos-source
    size: 1935385
    checksum: sha256:76ce7dc2eabf83d849b933f31c1422e867651f89009bedb55f2b4e08e7254830
    name: bluez
    evr: 5.87+1.git30db66dc971b-1.el9
  - url: https://mirror.stream.centos.org/9-stream/BaseOS/source/tree/Packages/chrony-4.8-1.el9.src.rpm
    repoid: baseos-source
    size: 727990
    checksum: sha256:5056fc24081b28272d0accba047e54066f9bbf9c553ebffe8e5a803373feba2c
    name: chrony
    evr: 4.8-1.el9
  - url: https://mirror.stream.centos.org/9-stream/BaseOS/source/tree/Packages/cryptsetup-2.8.6-2.el9.src.rpm
    repoid: baseos-source
    size: 11932238
    checksum: sha256:0eaa1623e4e8db6595fadd0c030e4f281c56e6f8795ec7e690cbedfa5e0be399
    name: cryptsetup
    evr: 2.8.6-2.el9
  - url: https://mirror.stream.centos.org/9-stream/BaseOS/source/tree/Packages/ethtool-6.19-1.el9.src.rpm
    repoid: baseos-source
    size: 468515
    checksum: sha256:4115b7dfc7027b3e1cf6d8bc526d782692d98d36921a4d661a4b6aaea4411edb
    name: ethtool
    evr: 2:6.19-1.el9
  - url: https://mirror.stream.centos.org/9-stream/BaseOS/source/tree/Packages/hwdata-0.348-9.24.el9.src.rpm
    repoid: baseos-source
    size: 2646536
    checksum: sha256:9b494c73efc7535def746ae462b1a665c7f2cb04c00253a4acb2571a65ceb1d6
    name: hwdata
    evr: 0.348-9.24.el9
  - url: https://mirror.stream.centos.org/9-stream/BaseOS/source/tree/Packages/lvm2-2.03.33-6.el9.src.rpm
    repoid: baseos-source
    size: 3217522
    checksum: sha256:6a7b894505d75a14077ab5734217c958d9054fa87f7b05d15f4f37681bee13ff
    name: lvm2
    evr: 9:2.03.33-6.el9
  - url: https://mirror.stream.centos.org/9-stream/BaseOS/source/tree/Packages/pciutils-3.7.0-8.el9.src.rpm
    repoid: baseos-source
    size: 395241
    checksum: sha256:fdd48b5b4e0d8f79a06cbeaa593d0b8fe3b8c4d7a8be7ccb0be6ef9503bf06ab
    name: pciutils
    evr: 3.7.0-8.el9
  - url: https://mirror.stream.centos.org/9-stream/BaseOS/source/tree/Packages/procps-ng-3.3.17-15.el9.src.rpm
    repoid: baseos-source
    size: 1048592
    checksum: sha256:9a0b1e95430dbc46938d95418be58aa992e0206190abc2daefd20d49b732142c
    name: procps-ng
    evr: 3.3.17-15.el9
  module_metadata: []
