---
lockfileVersion: 1
lockfileVendor: redhat
arches:
- arch: aarch64
  packages:
  - url: https://mirror.stream.centos.org/9-stream/AppStream/aarch64/os/Packages/gpsd-minimal-3.26.1-2.el9.aarch64.rpm
    repoid: appstream
    size: 626724
    checksum: sha256:9f9e58bed37feef69bb2adc2c6b08edec1af4af0259f229ca0acdb35b5d27eb3
    name: gpsd-minimal
    evr: 1:3.26.1-2.el9
    sourcerpm: gpsd-minimal-3.26.1-2.el9.src.rpm
  - url: https://mirror.stream.centos.org/9-stream/AppStream/aarch64/os/Packages/gpsd-minimal-clients-3.26.1-2.el9.aarch64.rpm
    repoid: appstream
    size: 722936
    checksum: sha256:152d4d930b742c11f03e65b20a292666342f1081a4bed5dcee05cb20838e0a20
    name: gpsd-minimal-clients
    evr: 1:3.26.1-2.el9
    sourcerpm: gpsd-minimal-3.26.1-2.el9.src.rpm
  - url: https://mirror.stream.centos.org/9-stream/AppStream/aarch64/os/Packages/linuxptp-4.4-4.el9.aarch64.rpm
    repoid: appstream
    size: 311390
    checksum: sha256:f584b83524a403b8099da4229a1efedd244bdb8e9b0896fe3c70547f5bc91a89
    name: linuxptp
    evr: 4.4-4.el9
    sourcerpm: linuxptp-4.4-4.el9.src.rpm
  - url: https://mirror.stream.centos.org/9-stream/AppStream/aarch64/os/Packages/python3-pyserial-3.4-12.el9.noarch.rpm
    repoid: appstream
    size: 185055
    checksum: sha256:7d85a2bb6c382288e1be0f338f80d7d96de345efebb4cc38c7028b3f630cfbc5
    name: python3-pyserial
    evr: 3.4-12.el9
    sourcerpm: pyserial-3.4-12.el9.src.rpm
  - url: https://mirror.stream.centos.org/9-stream/AppStream/aarch64/os/Packages/synce4l-1.1.0-2.el9.aarch64.rpm
    repoid: appstream
    size: 66733
    checksum: sha256:27c75f8a75cb30fcaccf8d27033e958bcde3634ae9cdb9feb09189d9f4b39501
    name: synce4l
    evr: 1.1.0-2.el9
    sourcerpm: synce4l-1.1.0-2.el9.src.rpm
  - url: https://mirror.stream.centos.org/9-stream/BaseOS/aarch64/os/Packages/acl-2.3.1-4.el9.aarch64.rpm
    repoid: baseos
    size: 73011
    checksum: sha256:a0a9b302d252d32c0da8100a0ad762852c22eeac4ccad0aaf72ad68a2bbd7a93
    name: acl
    evr: 2.3.1-4.el9
    sourcerpm: acl-2.3.1-4.el9.src.rpm
  - url: https://mirror.stream.centos.org/9-stream/BaseOS/aarch64/os/Packages/bluez-libs-5.86-2.el9.aarch64.rpm
    repoid: baseos
    size: 87305
    checksum: sha256:712c60f7c26f87f2b358c172652429c056873cc56f743a088afadb8d7d2887c0
    name: bluez-libs
    evr: 5.86-2.el9
    sourcerpm: bluez-5.86-2.el9.src.rpm
  - url: https://mirror.stream.centos.org/9-stream/BaseOS/aarch64/os/Packages/chrony-4.8-1.el9.aarch64.rpm
    repoid: baseos
    size: 354736
    checksum: sha256:f948521bf673d0e862d63478da823f0df2673bd9be8c81a196ab5fa164bffa10
    name: chrony
    evr: 4.8-1.el9
    sourcerpm: chrony-4.8-1.el9.src.rpm
  - url: https://mirror.stream.centos.org/9-stream/BaseOS/aarch64/os/Packages/cracklib-2.9.6-28.el9.aarch64.rpm
    repoid: baseos
    size: 94898
    checksum: sha256:78dbd83e4de7c011dedc8071af056989dece25dae7605eb60703b219ebbeadc1
    name: cracklib
    evr: 2.9.6-28.el9
    sourcerpm: cracklib-2.9.6-28.el9.src.rpm
  - url: https://mirror.stream.centos.org/9-stream/BaseOS/aarch64/os/Packages/cracklib-dicts-2.9.6-28.el9.aarch64.rpm
    repoid: baseos
    size: 3823090
    checksum: sha256:3b449db83d1a649b93eff386e098ab01f24028b106827d9fef899abc99818b15
    name: cracklib-dicts
    evr: 2.9.6-28.el9
    sourcerpm: cracklib-2.9.6-28.el9.src.rpm
  - url: https://mirror.stream.centos.org/9-stream/BaseOS/aarch64/os/Packages/cryptsetup-libs-2.8.6-1.el9.aarch64.rpm
    repoid: baseos
    size: 575884
    checksum: sha256:3a9a682eae96e74f2b274bfddce017d894fdc51eed197ed320e90edde15c3fed
    name: cryptsetup-libs
    evr: 2.8.6-1.el9
    sourcerpm: cryptsetup-2.8.6-1.el9.src.rpm
  - url: https://mirror.stream.centos.org/9-stream/BaseOS/aarch64/os/Packages/dbus-1.12.20-9.el9.aarch64.rpm
    repoid: baseos
    size: 2905
    checksum: sha256:f2f2f80cf9c11b7f4e1c27ba65a416b1dad9a48c2991ed1cb77c038a62319754
    name: dbus
    evr: 1:1.12.20-9.el9
    sourcerpm: dbus-1.12.20-9.el9.src.rpm
  - url: https://mirror.stream.centos.org/9-stream/BaseOS/aarch64/os/Packages/dbus-broker-28-7.el9.aarch64.rpm
    repoid: baseos
    size: 169643
    checksum: sha256:28a7abe52040dcda6e5d941206ef6e5c47478fcc06a9f05c2ab7dacc2afa9f42
    name: dbus-broker
    evr: 28-7.el9
    sourcerpm: dbus-broker-28-7.el9.src.rpm
  - url: https://mirror.stream.centos.org/9-stream/BaseOS/aarch64/os/Packages/dbus-common-1.12.20-9.el9.noarch.rpm
    repoid: baseos
    size: 13465
    checksum: sha256:c9e2580b234cf5591cdecd5472ae14b7886392dcf4e91d63751f18b320e7694b
    name: dbus-common
    evr: 1:1.12.20-9.el9
    sourcerpm: dbus-1.12.20-9.el9.src.rpm
  - url: https://mirror.stream.centos.org/9-stream/BaseOS/aarch64/os/Packages/device-mapper-1.02.207-6.el9.aarch64.rpm
    repoid: baseos
    size: 141089
    checksum: sha256:c6631f4b5aa5c4e9d758f643cc259823b24d2d3c8af9d3343448d3ca2fe3a8e7
    name: device-mapper
    evr: 9:1.02.207-6.el9
    sourcerpm: lvm2-2.03.33-6.el9.src.rpm
  - url: https://mirror.stream.centos.org/9-stream/BaseOS/aarch64/os/Packages/device-mapper-libs-1.02.207-6.el9.aarch64.rpm
    repoid: baseos
    size: 177220
    checksum: sha256:afb5d271de7b817f416f248e3e219ebaae5ab79e409cb16ac01f7523b61a6cfd
    name: device-mapper-libs
    evr: 9:1.02.207-6.el9
    sourcerpm: lvm2-2.03.33-6.el9.src.rpm
  - url: https://mirror.stream.centos.org/9-stream/BaseOS/aarch64/os/Packages/ethtool-6.19-1.el9.aarch64.rpm
    repoid: baseos
    size: 327170
    checksum: sha256:2097041dcea0647f86a854ba1732780bf02e3dd28d07f57f7b3d162a1b995d6e
    name: ethtool
    evr: 2:6.19-1.el9
    sourcerpm: ethtool-6.19-1.el9.src.rpm
  - url: https://mirror.stream.centos.org/9-stream/BaseOS/aarch64/os/Packages/hwdata-0.348-9.23.el9.noarch.rpm
    repoid: baseos
    size: 1789091
    checksum: sha256:09bf38157cef58e43785108b6a3dc59a746f3356feec967b6f908e628f4bf137
    name: hwdata
    evr: 0.348-9.23.el9
    sourcerpm: hwdata-0.348-9.23.el9.src.rpm
  - url: https://mirror.stream.centos.org/9-stream/BaseOS/aarch64/os/Packages/iproute-6.17.0-2.el9.aarch64.rpm
    repoid: baseos
    size: 892512
    checksum: sha256:d388c9ac3e1ab6fdc97227710f35243bf63de4a4aa818222aa8f3fe241e8a9ae
    name: iproute
    evr: 6.17.0-2.el9
    sourcerpm: iproute-6.17.0-2.el9.src.rpm
  - url: https://mirror.stream.centos.org/9-stream/BaseOS/aarch64/os/Packages/kbd-2.4.0-11.el9.aarch64.rpm
    repoid: baseos
    size: 415586
    checksum: sha256:3ef93ad6bbcee4ea880cbc18f194dd81fcf4cae75619d0c8e5c619bca7753348
    name: kbd
    evr: 2.4.0-11.el9
    sourcerpm: kbd-2.4.0-11.el9.src.rpm
  - url: https://mirror.stream.centos.org/9-stream/BaseOS/aarch64/os/Packages/kbd-legacy-2.4.0-11.el9.noarch.rpm
    repoid: baseos
    size: 575344
    checksum: sha256:42441d837af8fb07a81e514f4975c50a6ec17588bd1ebd00ba7a507e4d1c4596
    name: kbd-legacy
    evr: 2.4.0-11.el9
    sourcerpm: kbd-2.4.0-11.el9.src.rpm
  - url: https://mirror.stream.centos.org/9-stream/BaseOS/aarch64/os/Packages/kbd-misc-2.4.0-11.el9.noarch.rpm
    repoid: baseos
    size: 1735199
    checksum: sha256:f5890f8aa661ff39652ecf2e8f1f69327a72666e3ebfa71e35eaec849231bbd4
    name: kbd-misc
    evr: 2.4.0-11.el9
    sourcerpm: kbd-2.4.0-11.el9.src.rpm
  - url: https://mirror.stream.centos.org/9-stream/BaseOS/aarch64/os/Packages/kmod-28-11.el9.aarch64.rpm
    repoid: baseos
    size: 125760
    checksum: sha256:857f2f75fc01e8228750d5aef82040c00520c0a91670c951620a4161a1ac2d77
    name: kmod
    evr: 28-11.el9
    sourcerpm: kmod-28-11.el9.src.rpm
  - url: https://mirror.stream.centos.org/9-stream/BaseOS/aarch64/os/Packages/kmod-libs-28-11.el9.aarch64.rpm
    repoid: baseos
    size: 62114
    checksum: sha256:68bd119a65b2d37388623c0e4a0a717b74787e1243244c8ffa0a448f42718ee4
    name: kmod-libs
    evr: 28-11.el9
    sourcerpm: kmod-28-11.el9.src.rpm
  - url: https://mirror.stream.centos.org/9-stream/BaseOS/aarch64/os/Packages/libbpf-1.5.0-3.el9.aarch64.rpm
    repoid: baseos
    size: 188720
    checksum: sha256:1aee4e44b6e5b6b0b888c2d994367efaa4c729521c925baef2e9f96c29813fa1
    name: libbpf
    evr: 2:1.5.0-3.el9
    sourcerpm: libbpf-1.5.0-3.el9.src.rpm
  - url: https://mirror.stream.centos.org/9-stream/BaseOS/aarch64/os/Packages/libdb-5.3.28-57.el9.aarch64.rpm
    repoid: baseos
    size: 725114
    checksum: sha256:32cfcb3dbd040c206ead6aae6bb3378246af95ab2c7ba18a9db7ec0cec649f34
    name: libdb
    evr: 5.3.28-57.el9
    sourcerpm: libdb-5.3.28-57.el9.src.rpm
  - url: https://mirror.stream.centos.org/9-stream/BaseOS/aarch64/os/Packages/libeconf-0.4.1-7.el9.aarch64.rpm
    repoid: baseos
    size: 25838
    checksum: sha256:d2adf4f7d6c66c2962c1b7024d0b9514895d813aa50010ca6d1d652f3f73a87f
    name: libeconf
    evr: 0.4.1-7.el9
    sourcerpm: libeconf-0.4.1-7.el9.src.rpm
  - url: https://mirror.stream.centos.org/9-stream/BaseOS/aarch64/os/Packages/libedit-3.1-39.20210216cvs.el9.aarch64.rpm
    repoid: baseos
    size: 103597
    checksum: sha256:cc4e60ea689ff515e6bb884852f22d7416ffadc36d9aed5b150b3321558a343f
    name: libedit
    evr: 3.1-39.20210216cvs.el9
    sourcerpm: libedit-3.1-39.20210216cvs.el9.src.rpm
  - url: https://mirror.stream.centos.org/9-stream/BaseOS/aarch64/os/Packages/libfdisk-2.37.4-25.el9.aarch64.rpm
    repoid: baseos
    size: 150208
    checksum: sha256:d724b6dd4dc886b1d598edc24d30ebb06dfc675252073e04838c56d0ed18e173
    name: libfdisk
    evr: 2.37.4-25.el9
    sourcerpm: util-linux-2.37.4-25.el9.src.rpm
  - url: https://mirror.stream.centos.org/9-stream/BaseOS/aarch64/os/Packages/libmnl-1.0.4-16.el9.aarch64.rpm
    repoid: baseos
    size: 28385
    checksum: sha256:c4d87c6439aa762891b024c0213df47af50e5b0683ffd827013bd02882d7d9b3
    name: libmnl
    evr: 1.0.4-16.el9
    sourcerpm: libmnl-1.0.4-16.el9.src.rpm
  - url: https://mirror.stream.centos.org/9-stream/BaseOS/aarch64/os/Packages/libnl3-3.11.0-1.el9.aarch64.rpm
    repoid: baseos
    size: 358995
    checksum: sha256:931603d3bd38323504f5650a51eb18e8f0ff042a8e9d55deaa55d9ed8c1b0371
    name: libnl3
    evr: 3.11.0-1.el9
    sourcerpm: libnl3-3.11.0-1.el9.src.rpm
  - url: https://mirror.stream.centos.org/9-stream/BaseOS/aarch64/os/Packages/libpwquality-1.4.4-8.el9.aarch64.rpm
    repoid: baseos
    size: 121523
    checksum: sha256:3c22a268ce022cb4722aa2d35a95c1174778f424fbf29e98990801651d468aeb
    name: libpwquality
    evr: 1.4.4-8.el9
    sourcerpm: libpwquality-1.4.4-8.el9.src.rpm
  - url: https://mirror.stream.centos.org/9-stream/BaseOS/aarch64/os/Packages/libseccomp-2.5.6-1.el9.aarch64.rpm
    repoid: baseos
    size: 70875
    checksum: sha256:74a99b069ffe2fdd6f2ee19c73197c0ad1b71353df39c5af8c404932a5817974
    name: libseccomp
    evr: 2.5.6-1.el9
    sourcerpm: libseccomp-2.5.6-1.el9.src.rpm
  - url: https://mirror.stream.centos.org/9-stream/BaseOS/aarch64/os/Packages/libusbx-1.0.30-1.el9.aarch64.rpm
    repoid: baseos
    size: 77732
    checksum: sha256:b480be150230167d7b9fb230eca6017471a400587b51cdff52a542b2802fe4f4
    name: libusbx
    evr: 1.0.30-1.el9
    sourcerpm: libusbx-1.0.30-1.el9.src.rpm
  - url: https://mirror.stream.centos.org/9-stream/BaseOS/aarch64/os/Packages/libutempter-1.2.1-6.el9.aarch64.rpm
    repoid: baseos
    size: 27484
    checksum: sha256:65cd8c3813afc69dd2ea9eeb6e2fc7db4a7d626b51efe376b8000dfdaa10402a
    name: libutempter
    evr: 1.2.1-6.el9
    sourcerpm: libutempter-1.2.1-6.el9.src.rpm
  - url: https://mirror.stream.centos.org/9-stream/BaseOS/aarch64/os/Packages/openssl-3.5.5-3.el9.aarch64.rpm
    repoid: baseos
    size: 1533230
    checksum: sha256:652b9114598da895fb1aa59ff79ecd223b18b3917d892c8bf4272fb25896184f
    name: openssl
    evr: 1:3.5.5-3.el9
    sourcerpm: openssl-3.5.5-3.el9.src.rpm
  - url: https://mirror.stream.centos.org/9-stream/BaseOS/aarch64/os/Packages/pam-1.5.1-29.el9.aarch64.rpm
    repoid: baseos
    size: 636405
    checksum: sha256:090c497dc32e6bc3a95c0200f1aa1dfcd696f25ba5b082f0ff7ec249b25a8923
    name: pam
    evr: 1.5.1-29.el9
    sourcerpm: pam-1.5.1-29.el9.src.rpm
  - url: https://mirror.stream.centos.org/9-stream/BaseOS/aarch64/os/Packages/pciutils-3.7.0-8.el9.aarch64.rpm
    repoid: baseos
    size: 90992
    checksum: sha256:17d4271903c9304de829fa0e398fdf810846a43532e41106259a8aa66ea7ab3b
    name: pciutils
    evr: 3.7.0-8.el9
    sourcerpm: pciutils-3.7.0-8.el9.src.rpm
  - url: https://mirror.stream.centos.org/9-stream/BaseOS/aarch64/os/Packages/pciutils-libs-3.7.0-8.el9.aarch64.rpm
    repoid: baseos
    size: 38459
    checksum: sha256:a619490e50eeb5752ee7c72a5eb773061466b8ee0dfbba83aa598dc9cdfd41c8
    name: pciutils-libs
    evr: 3.7.0-8.el9
    sourcerpm: pciutils-3.7.0-8.el9.src.rpm
  - url: https://mirror.stream.centos.org/9-stream/BaseOS/aarch64/os/Packages/procps-ng-3.3.17-15.el9.aarch64.rpm
    repoid: baseos
    size: 353906
    checksum: sha256:f761273cb213c1c5644298dbb0c00a6e85b3b47b0a03d07357dfc88d7e5404fc
    name: procps-ng
    evr: 3.3.17-15.el9
    sourcerpm: procps-ng-3.3.17-15.el9.src.rpm
  - url: https://mirror.stream.centos.org/9-stream/BaseOS/aarch64/os/Packages/psmisc-23.4-3.el9.aarch64.rpm
    repoid: baseos
    size: 248419
    checksum: sha256:4ad245b41ebf13cbabbb2962fad8d4aa0db7c75eb2171a4235252ad48e81a680
    name: psmisc
    evr: 23.4-3.el9
    sourcerpm: psmisc-23.4-3.el9.src.rpm
  - url: https://mirror.stream.centos.org/9-stream/BaseOS/aarch64/os/Packages/systemd-252-71.el9.aarch64.rpm
    repoid: baseos
    size: 4146877
    checksum: sha256:69791f61b592609e6a178f6c8879aeff9f574a8c5d52fafd5f4e7bfadf593ff7
    name: systemd
    evr: 252-71.el9
    sourcerpm: systemd-252-71.el9.src.rpm
  - url: https://mirror.stream.centos.org/9-stream/BaseOS/aarch64/os/Packages/systemd-libs-252-71.el9.aarch64.rpm
    repoid: baseos
    size: 640767
    checksum: sha256:51586771ef916e4a75535c08cf08a25a38c919c9917c04ac936a24fad20b8970
    name: systemd-libs
    evr: 252-71.el9
    sourcerpm: systemd-252-71.el9.src.rpm
  - url: https://mirror.stream.centos.org/9-stream/BaseOS/aarch64/os/Packages/systemd-pam-252-71.el9.aarch64.rpm
    repoid: baseos
    size: 259924
    checksum: sha256:010885ff62b730d57a6a0b2a0ceca256c94d5be962564480463478962635b6cc
    name: systemd-pam
    evr: 252-71.el9
    sourcerpm: systemd-252-71.el9.src.rpm
  - url: https://mirror.stream.centos.org/9-stream/BaseOS/aarch64/os/Packages/systemd-rpm-macros-252-71.el9.noarch.rpm
    repoid: baseos
    size: 52881
    checksum: sha256:374e3c9291d2f083e71d56df22eb1c75f76d7339777b9231b732df6f0f2560b1
    name: systemd-rpm-macros
    evr: 252-71.el9
    sourcerpm: systemd-252-71.el9.src.rpm
  - url: https://mirror.stream.centos.org/9-stream/BaseOS/aarch64/os/Packages/systemd-udev-252-71.el9.aarch64.rpm
    repoid: baseos
    size: 2069932
    checksum: sha256:dc0d54d4134ac2fb1268f142db7b469832491b8a4bcb5731498ec1ed9c7eaeaf
    name: systemd-udev
    evr: 252-71.el9
    sourcerpm: systemd-252-71.el9.src.rpm
  - url: https://mirror.stream.centos.org/9-stream/BaseOS/aarch64/os/Packages/util-linux-2.37.4-25.el9.aarch64.rpm
    repoid: baseos
    size: 2382844
    checksum: sha256:619d39f84e40856b19475294d7e50417541261f852d5feeab75028a9a8f2fb20
    name: util-linux
    evr: 2.37.4-25.el9
    sourcerpm: util-linux-2.37.4-25.el9.src.rpm
  - url: https://mirror.stream.centos.org/9-stream/BaseOS/aarch64/os/Packages/util-linux-core-2.37.4-25.el9.aarch64.rpm
    repoid: baseos
    size: 465731
    checksum: sha256:a31732e9e6c968665ff53330435674fdaa12f9812b309bda9babb29e0d2ca62d
    name: util-linux-core
    evr: 2.37.4-25.el9
    sourcerpm: util-linux-2.37.4-25.el9.src.rpm
  source:
  - url: https://mirror.stream.centos.org/9-stream/AppStream/source/tree/Packages/gpsd-minimal-3.26.1-2.el9.src.rpm
    repoid: appstream-source
    size: 11647206
    checksum: sha256:2928e36a9067a6e987ec2cae547bad50ebde3f906998fcc04a21013fc7a4f539
    name: gpsd-minimal
    evr: 1:3.26.1-2.el9
  - url: https://mirror.stream.centos.org/9-stream/AppStream/source/tree/Packages/linuxptp-4.4-4.el9.src.rpm
    repoid: appstream-source
    size: 384194
    checksum: sha256:125f8c97b16c4289194b53207b9aa97375d92d2eef83bc68061e3fcb591dfb3c
    name: linuxptp
    evr: 4.4-4.el9
  - url: https://mirror.stream.centos.org/9-stream/AppStream/source/tree/Packages/pyserial-3.4-12.el9.src.rpm
    repoid: appstream-source
    size: 162928
    checksum: sha256:ec25938a5af34acf56c249b555280f0cefd5ccce34ee9a72eac9532536e36e43
    name: pyserial
    evr: 3.4-12.el9
  - url: https://mirror.stream.centos.org/9-stream/AppStream/source/tree/Packages/synce4l-1.1.0-2.el9.src.rpm
    repoid: appstream-source
    size: 101764
    checksum: sha256:675f10b1752218152a081e226248c6c044687d9336ada4d3050972c46c842473
    name: synce4l
    evr: 1.1.0-2.el9
  - url: https://mirror.stream.centos.org/9-stream/BaseOS/source/tree/Packages/acl-2.3.1-4.el9.src.rpm
    repoid: baseos-source
    size: 534373
    checksum: sha256:46bb73ec040aeffeca18dca0dff00985211ef995ffdb8be32fb0463c346b743b
    name: acl
    evr: 2.3.1-4.el9
  - url: https://mirror.stream.centos.org/9-stream/BaseOS/source/tree/Packages/bluez-5.86-2.el9.src.rpm
    repoid: baseos-source
    size: 2282897
    checksum: sha256:0c0ab28445e872cb5aaf8a061173e134736b6f3d262a30938dfb81cd18a9295a
    name: bluez
    evr: 5.86-2.el9
  - url: https://mirror.stream.centos.org/9-stream/BaseOS/source/tree/Packages/chrony-4.8-1.el9.src.rpm
    repoid: baseos-source
    size: 727990
    checksum: sha256:5056fc24081b28272d0accba047e54066f9bbf9c553ebffe8e5a803373feba2c
    name: chrony
    evr: 4.8-1.el9
  - url: https://mirror.stream.centos.org/9-stream/BaseOS/source/tree/Packages/cracklib-2.9.6-28.el9.src.rpm
    repoid: baseos-source
    size: 6408986
    checksum: sha256:be67789d2e1d5cb8eaa3e913fc3fc384ffbeecf704cc55b7ad4ddf0527be0c80
    name: cracklib
    evr: 2.9.6-28.el9
  - url: https://mirror.stream.centos.org/9-stream/BaseOS/source/tree/Packages/cryptsetup-2.8.6-1.el9.src.rpm
    repoid: baseos-source
    size: 11920576
    checksum: sha256:ac7f794b1ff3606fe53c59c8b625614e394edaea7aede625b62dfebe2f70b9a6
    name: cryptsetup
    evr: 2.8.6-1.el9
  - url: https://mirror.stream.centos.org/9-stream/BaseOS/source/tree/Packages/dbus-1.12.20-9.el9.src.rpm
    repoid: baseos-source
    size: 2141022
    checksum: sha256:bef7ba131f6b4164152b8a7d2fe4d6613e49ce056a17b842c84d545972838db3
    name: dbus
    evr: 1:1.12.20-9.el9
  - url: https://mirror.stream.centos.org/9-stream/BaseOS/source/tree/Packages/dbus-broker-28-7.el9.src.rpm
    repoid: baseos-source
    size: 252830
    checksum: sha256:34b375041ab9470a1ad9b9288ca6fe4aa14865718bf6f4917c56db94fa5e3fab
    name: dbus-broker
    evr: 28-7.el9
  - url: https://mirror.stream.centos.org/9-stream/BaseOS/source/tree/Packages/ethtool-6.19-1.el9.src.rpm
    repoid: baseos-source
    size: 468515
    checksum: sha256:4115b7dfc7027b3e1cf6d8bc526d782692d98d36921a4d661a4b6aaea4411edb
    name: ethtool
    evr: 2:6.19-1.el9
  - url: https://mirror.stream.centos.org/9-stream/BaseOS/source/tree/Packages/hwdata-0.348-9.23.el9.src.rpm
    repoid: baseos-source
    size: 2629578
    checksum: sha256:80c98adc4e54be97ed399f1d29add9466344d499a40dd0c8f22d695a0ab24867
    name: hwdata
    evr: 0.348-9.23.el9
  - url: https://mirror.stream.centos.org/9-stream/BaseOS/source/tree/Packages/iproute-6.17.0-2.el9.src.rpm
    repoid: baseos-source
    size: 975352
    checksum: sha256:4867960882a7a5c569643c2b3940e06805400291c41e145d99bca1222e92b935
    name: iproute
    evr: 6.17.0-2.el9
  - url: https://mirror.stream.centos.org/9-stream/BaseOS/source/tree/Packages/kbd-2.4.0-11.el9.src.rpm
    repoid: baseos-source
    size: 1163192
    checksum: sha256:f11f34113381d5fa43a61ecd43db6b27061fbe1387cffdbb5bafce7ff019d2e8
    name: kbd
    evr: 2.4.0-11.el9
  - url: https://mirror.stream.centos.org/9-stream/BaseOS/source/tree/Packages/kmod-28-11.el9.src.rpm
    repoid: baseos-source
    size: 579121
    checksum: sha256:c56ae01a7cbc750a1c85fcaa0449c5e5c1cb5d62f2a1d7376bacc7b5f66a6e3c
    name: kmod
    evr: 28-11.el9
  - url: https://mirror.stream.centos.org/9-stream/BaseOS/source/tree/Packages/libbpf-1.5.0-3.el9.src.rpm
    repoid: baseos-source
    size: 146253492
    checksum: sha256:367a00fbfd62d3eb6397ec4c9254755570872594795c97fd580c4b1a677c9a29
    name: libbpf
    evr: 2:1.5.0-3.el9
  - url: https://mirror.stream.centos.org/9-stream/BaseOS/source/tree/Packages/libdb-5.3.28-57.el9.src.rpm
    repoid: baseos-source
    size: 35286676
    checksum: sha256:9b1031e3006b7137087efd088b85079b7a6fc83f4e25d0084d423afc05dd6b9b
    name: libdb
    evr: 5.3.28-57.el9
  - url: https://mirror.stream.centos.org/9-stream/BaseOS/source/tree/Packages/libeconf-0.4.1-7.el9.src.rpm
    repoid: baseos-source
    size: 200422
    checksum: sha256:1ff6abc46f22681878a59dc3995ded3172056620be70cbeb2ddda546f6ccbfb5
    name: libeconf
    evr: 0.4.1-7.el9
  - url: https://mirror.stream.centos.org/9-stream/BaseOS/source/tree/Packages/libedit-3.1-39.20210216cvs.el9.src.rpm
    repoid: baseos-source
    size: 530374
    checksum: sha256:fcd1648b87d4501f864624e55f4de1271852c7780b149fab0d0f226bd52121aa
    name: libedit
    evr: 3.1-39.20210216cvs.el9
  - url: https://mirror.stream.centos.org/9-stream/BaseOS/source/tree/Packages/libmnl-1.0.4-16.el9.src.rpm
    repoid: baseos-source
    size: 313060
    checksum: sha256:1c5ee621bad4ccb6c0c2d6e80a45dc4aa08c4e353c0213beab544c185c2bf618
    name: libmnl
    evr: 1.0.4-16.el9
  - url: https://mirror.stream.centos.org/9-stream/BaseOS/source/tree/Packages/libnl3-3.11.0-1.el9.src.rpm
    repoid: baseos-source
    size: 5068056
    checksum: sha256:8382ea2d585f3f0c5e0a6f4eea20bc7e5b30e1f78bc5fb35e570c80585461dfa
    name: libnl3
    evr: 3.11.0-1.el9
  - url: https://mirror.stream.centos.org/9-stream/BaseOS/source/tree/Packages/libpwquality-1.4.4-8.el9.src.rpm
    repoid: baseos-source
    size: 446495
    checksum: sha256:4c7aa3fcb660318db2ef110c0340ff11ec6fd2a4a6b12f0069a7bddd69dc499c
    name: libpwquality
    evr: 1.4.4-8.el9
  - url: https://mirror.stream.centos.org/9-stream/BaseOS/source/tree/Packages/libseccomp-2.5.6-1.el9.src.rpm
    repoid: baseos-source
    size: 641578
    checksum: sha256:7b28246c41d520aefdda32ca76504a9927d11e78a690d370e4d49ae72fc7e814
    name: libseccomp
    evr: 2.5.6-1.el9
  - url: https://mirror.stream.centos.org/9-stream/BaseOS/source/tree/Packages/libusbx-1.0.30-1.el9.src.rpm
    repoid: baseos-source
    size: 666408
    checksum: sha256:04399a1b8e40e4ec693b9478bcfe0d13472d1f73d8eefd845523bdb040bd04de
    name: libusbx
    evr: 1.0.30-1.el9
  - url: https://mirror.stream.centos.org/9-stream/BaseOS/source/tree/Packages/libutempter-1.2.1-6.el9.src.rpm
    repoid: baseos-source
    size: 29587
    checksum: sha256:0823c279c9d3c3e55cbdf4ab8940b1482582117b2a7e24cf45fda2351c6bde55
    name: libutempter
    evr: 1.2.1-6.el9
  - url: https://mirror.stream.centos.org/9-stream/BaseOS/source/tree/Packages/lvm2-2.03.33-6.el9.src.rpm
    repoid: baseos-source
    size: 3217522
    checksum: sha256:6a7b894505d75a14077ab5734217c958d9054fa87f7b05d15f4f37681bee13ff
    name: lvm2
    evr: 9:2.03.33-6.el9
  - url: https://mirror.stream.centos.org/9-stream/BaseOS/source/tree/Packages/openssl-3.5.5-3.el9.src.rpm
    repoid: baseos-source
    size: 53313257
    checksum: sha256:97e8fa073e6b18625ae12adafa54275d50323a820b500c62384c20548570e11c
    name: openssl
    evr: 1:3.5.5-3.el9
  - url: https://mirror.stream.centos.org/9-stream/BaseOS/source/tree/Packages/pam-1.5.1-29.el9.src.rpm
    repoid: baseos-source
    size: 1136152
    checksum: sha256:aa27aa9a1151fa362e2de0a1dcf01db43f9e9dc9c8dc07f726170fe170ab46e1
    name: pam
    evr: 1.5.1-29.el9
  - url: https://mirror.stream.centos.org/9-stream/BaseOS/source/tree/Packages/pciutils-3.7.0-8.el9.src.rpm
    repoid: baseos-source
    size: 395241
    checksum: sha256:fdd48b5b4e0d8f79a06cbeaa593d0b8fe3b8c4d7a8be7ccb0be6ef9503bf06ab
    name: pciutils
    evr: 3.7.0-8.el9
  - url: https://mirror.stream.centos.org/9-stream/BaseOS/source/tree/Packages/procps-ng-3.3.17-15.el9.src.rpm
    repoid: baseos-source
    size: 1048592
    checksum: sha256:9a0b1e95430dbc46938d95418be58aa992e0206190abc2daefd20d49b732142c
    name: procps-ng
    evr: 3.3.17-15.el9
  - url: https://mirror.stream.centos.org/9-stream/BaseOS/source/tree/Packages/psmisc-23.4-3.el9.src.rpm
    repoid: baseos-source
    size: 385497
    checksum: sha256:2329b39afa698fcd32740d79a22aeb3c822e1813ec7fae81f62e3c07c5ee133e
    name: psmisc
    evr: 23.4-3.el9
  - url: https://mirror.stream.centos.org/9-stream/BaseOS/source/tree/Packages/systemd-252-71.el9.src.rpm
    repoid: baseos-source
    size: 45016557
    checksum: sha256:6395ee73c99dbbe8b7d8c021fc38ec766181df2ed2680bfecc92f31804614b57
    name: systemd
    evr: 252-71.el9
  - url: https://mirror.stream.centos.org/9-stream/BaseOS/source/tree/Packages/util-linux-2.37.4-25.el9.src.rpm
    repoid: baseos-source
    size: 6284590
    checksum: sha256:0255da80511e1f1e683ba17316039a2d2efa0ece1fb2e01212b463ea00bc3491
    name: util-linux
    evr: 2.37.4-25.el9
  module_metadata: []
- arch: x86_64
  packages:
  - url: https://mirror.stream.centos.org/9-stream/AppStream/x86_64/os/Packages/gpsd-minimal-3.26.1-2.el9.x86_64.rpm
    repoid: appstream
    size: 630567
    checksum: sha256:783246314fcad3a7a639fc2eb3e826dae2e2822edfcaa1bff8592cbf03fa16cc
    name: gpsd-minimal
    evr: 1:3.26.1-2.el9
    sourcerpm: gpsd-minimal-3.26.1-2.el9.src.rpm
  - url: https://mirror.stream.centos.org/9-stream/AppStream/x86_64/os/Packages/gpsd-minimal-clients-3.26.1-2.el9.x86_64.rpm
    repoid: appstream
    size: 697378
    checksum: sha256:5aeb959dfca158092c2486440aaeb24dbb7ab2f28baefddfe4b05b85525d76d4
    name: gpsd-minimal-clients
    evr: 1:3.26.1-2.el9
    sourcerpm: gpsd-minimal-3.26.1-2.el9.src.rpm
  - url: https://mirror.stream.centos.org/9-stream/AppStream/x86_64/os/Packages/linuxptp-4.4-4.el9.x86_64.rpm
    repoid: appstream
    size: 308130
    checksum: sha256:05c48d119a785b1bc292ee5837d46ee33550d106865969001df616a28c549817
    name: linuxptp
    evr: 4.4-4.el9
    sourcerpm: linuxptp-4.4-4.el9.src.rpm
  - url: https://mirror.stream.centos.org/9-stream/AppStream/x86_64/os/Packages/python3-pyserial-3.4-12.el9.noarch.rpm
    repoid: appstream
    size: 185055
    checksum: sha256:7d85a2bb6c382288e1be0f338f80d7d96de345efebb4cc38c7028b3f630cfbc5
    name: python3-pyserial
    evr: 3.4-12.el9
    sourcerpm: pyserial-3.4-12.el9.src.rpm
  - url: https://mirror.stream.centos.org/9-stream/AppStream/x86_64/os/Packages/synce4l-1.1.0-2.el9.x86_64.rpm
    repoid: appstream
    size: 67628
    checksum: sha256:4a7bb584bd86eeee12e081650bab71dd16d9fb23da5575156819dced9b60591d
    name: synce4l
    evr: 1.1.0-2.el9
    sourcerpm: synce4l-1.1.0-2.el9.src.rpm
  - url: https://mirror.stream.centos.org/9-stream/BaseOS/x86_64/os/Packages/acl-2.3.1-4.el9.x86_64.rpm
    repoid: baseos
    size: 73013
    checksum: sha256:dd11bab2ea0abdfa310362eace871422a003340bf223135626500f8f5a985f6b
    name: acl
    evr: 2.3.1-4.el9
    sourcerpm: acl-2.3.1-4.el9.src.rpm
  - url: https://mirror.stream.centos.org/9-stream/BaseOS/x86_64/os/Packages/bluez-libs-5.86-2.el9.x86_64.rpm
    repoid: baseos
    size: 83715
    checksum: sha256:58e9f41dbdb868ce8f5c18fccba924430a16c2811a800586d08a580d5d9f5f92
    name: bluez-libs
    evr: 5.86-2.el9
    sourcerpm: bluez-5.86-2.el9.src.rpm
  - url: https://mirror.stream.centos.org/9-stream/BaseOS/x86_64/os/Packages/chrony-4.8-1.el9.x86_64.rpm
    repoid: baseos
    size: 358902
    checksum: sha256:b8cde8a53153f32e869834c6c7a84f5f6d2f2b6275b278ce0e18961ea1dd836f
    name: chrony
    evr: 4.8-1.el9
    sourcerpm: chrony-4.8-1.el9.src.rpm
  - url: https://mirror.stream.centos.org/9-stream/BaseOS/x86_64/os/Packages/cracklib-2.9.6-28.el9.x86_64.rpm
    repoid: baseos
    size: 94869
    checksum: sha256:aa659fc5fc1f40d9301850411e1e4cfb9351175e1879a1d404292cbd909982f0
    name: cracklib
    evr: 2.9.6-28.el9
    sourcerpm: cracklib-2.9.6-28.el9.src.rpm
  - url: https://mirror.stream.centos.org/9-stream/BaseOS/x86_64/os/Packages/cracklib-dicts-2.9.6-28.el9.x86_64.rpm
    repoid: baseos
    size: 3823183
    checksum: sha256:b0e372c09e6eb01d2de1316b7e59c79178c0eaee6d713004d7fe5fbc7e718603
    name: cracklib-dicts
    evr: 2.9.6-28.el9
    sourcerpm: cracklib-2.9.6-28.el9.src.rpm
  - url: https://mirror.stream.centos.org/9-stream/BaseOS/x86_64/os/Packages/cryptsetup-libs-2.8.6-1.el9.x86_64.rpm
    repoid: baseos
    size: 579533
    checksum: sha256:d2633ab447dae81494955f402aa52510da5517cb1c7817965a24ef1039f5f00e
    name: cryptsetup-libs
    evr: 2.8.6-1.el9
    sourcerpm: cryptsetup-2.8.6-1.el9.src.rpm
  - url: https://mirror.stream.centos.org/9-stream/BaseOS/x86_64/os/Packages/dbus-1.12.20-9.el9.x86_64.rpm
    repoid: baseos
    size: 2949
    checksum: sha256:9e0a4fc4da86a68b0366601580a9b2af73901440b85219370f60d773c344cc7c
    name: dbus
    evr: 1:1.12.20-9.el9
    sourcerpm: dbus-1.12.20-9.el9.src.rpm
  - url: https://mirror.stream.centos.org/9-stream/BaseOS/x86_64/os/Packages/dbus-broker-28-7.el9.x86_64.rpm
    repoid: baseos
    size: 175966
    checksum: sha256:dd65bddd728ed08dcdba5d06b5a5af9f958e5718e8cab938783241bd8f4d1131
    name: dbus-broker
    evr: 28-7.el9
    sourcerpm: dbus-broker-28-7.el9.src.rpm
  - url: https://mirror.stream.centos.org/9-stream/BaseOS/x86_64/os/Packages/dbus-common-1.12.20-9.el9.noarch.rpm
    repoid: baseos
    size: 13465
    checksum: sha256:c9e2580b234cf5591cdecd5472ae14b7886392dcf4e91d63751f18b320e7694b
    name: dbus-common
    evr: 1:1.12.20-9.el9
    sourcerpm: dbus-1.12.20-9.el9.src.rpm
  - url: https://mirror.stream.centos.org/9-stream/BaseOS/x86_64/os/Packages/device-mapper-1.02.207-6.el9.x86_64.rpm
    repoid: baseos
    size: 143027
    checksum: sha256:ffedc788a02c0bd900e38fbd755a7d2911e4dc4f58c7359db26c31772b0f4563
    name: device-mapper
    evr: 9:1.02.207-6.el9
    sourcerpm: lvm2-2.03.33-6.el9.src.rpm
  - url: https://mirror.stream.centos.org/9-stream/BaseOS/x86_64/os/Packages/device-mapper-libs-1.02.207-6.el9.x86_64.rpm
    repoid: baseos
    size: 183618
    checksum: sha256:a1ed5a79d3d61cfdfa44f1d4f71a38da0e56f6bb3826d6c86a6131e7ebd0c8db
    name: device-mapper-libs
    evr: 9:1.02.207-6.el9
    sourcerpm: lvm2-2.03.33-6.el9.src.rpm
  - url: https://mirror.stream.centos.org/9-stream/BaseOS/x86_64/os/Packages/ethtool-6.19-1.el9.x86_64.rpm
    repoid: baseos
    size: 344746
    checksum: sha256:2a67d85bfacca068d4bbe705ba9858b4c0ceaed5e1c111b03b72fb3f6ba16ea7
    name: ethtool
    evr: 2:6.19-1.el9
    sourcerpm: ethtool-6.19-1.el9.src.rpm
  - url: https://mirror.stream.centos.org/9-stream/BaseOS/x86_64/os/Packages/hwdata-0.348-9.23.el9.noarch.rpm
    repoid: baseos
    size: 1789091
    checksum: sha256:09bf38157cef58e43785108b6a3dc59a746f3356feec967b6f908e628f4bf137
    name: hwdata
    evr: 0.348-9.23.el9
    sourcerpm: hwdata-0.348-9.23.el9.src.rpm
  - url: https://mirror.stream.centos.org/9-stream/BaseOS/x86_64/os/Packages/iproute-6.17.0-2.el9.x86_64.rpm
    repoid: baseos
    size: 887246
    checksum: sha256:95f9c5dc7e6bc06ce26c1f905bb1c9114aee2df223a20d0806396664bee2cc67
    name: iproute
    evr: 6.17.0-2.el9
    sourcerpm: iproute-6.17.0-2.el9.src.rpm
  - url: https://mirror.stream.centos.org/9-stream/BaseOS/x86_64/os/Packages/kbd-2.4.0-11.el9.x86_64.rpm
    repoid: baseos
    size: 428577
    checksum: sha256:d67879e616c88269a490f9684966532b04e8215cc5c2a9931f3a30df70c0a2fd
    name: kbd
    evr: 2.4.0-11.el9
    sourcerpm: kbd-2.4.0-11.el9.src.rpm
  - url: https://mirror.stream.centos.org/9-stream/BaseOS/x86_64/os/Packages/kbd-legacy-2.4.0-11.el9.noarch.rpm
    repoid: baseos
    size: 575344
    checksum: sha256:42441d837af8fb07a81e514f4975c50a6ec17588bd1ebd00ba7a507e4d1c4596
    name: kbd-legacy
    evr: 2.4.0-11.el9
    sourcerpm: kbd-2.4.0-11.el9.src.rpm
  - url: https://mirror.stream.centos.org/9-stream/BaseOS/x86_64/os/Packages/kbd-misc-2.4.0-11.el9.noarch.rpm
    repoid: baseos
    size: 1735199
    checksum: sha256:f5890f8aa661ff39652ecf2e8f1f69327a72666e3ebfa71e35eaec849231bbd4
    name: kbd-misc
    evr: 2.4.0-11.el9
    sourcerpm: kbd-2.4.0-11.el9.src.rpm
  - url: https://mirror.stream.centos.org/9-stream/BaseOS/x86_64/os/Packages/kmod-28-11.el9.x86_64.rpm
    repoid: baseos
    size: 127713
    checksum: sha256:c2cd4a2dcdc7cc55fbaf97f5641487091dbd13a5ea7974087ef8215d18fe2ffb
    name: kmod
    evr: 28-11.el9
    sourcerpm: kmod-28-11.el9.src.rpm
  - url: https://mirror.stream.centos.org/9-stream/BaseOS/x86_64/os/Packages/kmod-libs-28-11.el9.x86_64.rpm
    repoid: baseos
    size: 63583
    checksum: sha256:29d2fd267498f3e12d420a3d867483d32ce97d544327de983872f8ee89ec02b3
    name: kmod-libs
    evr: 28-11.el9
    sourcerpm: kmod-28-11.el9.src.rpm
  - url: https://mirror.stream.centos.org/9-stream/BaseOS/x86_64/os/Packages/libbpf-1.5.0-3.el9.x86_64.rpm
    repoid: baseos
    size: 188358
    checksum: sha256:27859976d0cc4123f8f717dbb8e9b4031f685ac648851eb290b54b069d51c868
    name: libbpf
    evr: 2:1.5.0-3.el9
    sourcerpm: libbpf-1.5.0-3.el9.src.rpm
  - url: https://mirror.stream.centos.org/9-stream/BaseOS/x86_64/os/Packages/libdb-5.3.28-57.el9.x86_64.rpm
    repoid: baseos
    size: 752941
    checksum: sha256:17f7fd8c15436826da5ac9d0428ecb83feec18c01b6c5057ab9b85ab97314c96
    name: libdb
    evr: 5.3.28-57.el9
    sourcerpm: libdb-5.3.28-57.el9.src.rpm
  - url: https://mirror.stream.centos.org/9-stream/BaseOS/x86_64/os/Packages/libeconf-0.4.1-7.el9.x86_64.rpm
    repoid: baseos
    size: 26688
    checksum: sha256:5d852e2a7fbb298efeb05303c783afcebb369021337ca934df518362618de8f3
    name: libeconf
    evr: 0.4.1-7.el9
    sourcerpm: libeconf-0.4.1-7.el9.src.rpm
  - url: https://mirror.stream.centos.org/9-stream/BaseOS/x86_64/os/Packages/libedit-3.1-39.20210216cvs.el9.x86_64.rpm
    repoid: baseos
    size: 106026
    checksum: sha256:d2a07db4d3aaa138fa0e43cd7ea2ac27d6987caaa6b46d1c57d4411e58bc987b
    name: libedit
    evr: 3.1-39.20210216cvs.el9
    sourcerpm: libedit-3.1-39.20210216cvs.el9.src.rpm
  - url: https://mirror.stream.centos.org/9-stream/BaseOS/x86_64/os/Packages/libfdisk-2.37.4-25.el9.x86_64.rpm
    repoid: baseos
    size: 155279
    checksum: sha256:57e990f6940ce2caed0d9578838549576535ad83f93ffc97df3bcbaf1ae72567
    name: libfdisk
    evr: 2.37.4-25.el9
    sourcerpm: util-linux-2.37.4-25.el9.src.rpm
  - url: https://mirror.stream.centos.org/9-stream/BaseOS/x86_64/os/Packages/libmnl-1.0.4-16.el9.x86_64.rpm
    repoid: baseos
    size: 28865
    checksum: sha256:e60f3be453b44ea04bb596594963be1e1b3f4377f87b4ff923d612eae15740ce
    name: libmnl
    evr: 1.0.4-16.el9
    sourcerpm: libmnl-1.0.4-16.el9.src.rpm
  - url: https://mirror.stream.centos.org/9-stream/BaseOS/x86_64/os/Packages/libnl3-3.11.0-1.el9.x86_64.rpm
    repoid: baseos
    size: 371930
    checksum: sha256:8988a2e97b63bfe07568a1a85fa8ca9fe6a1b940320f6f72e63d908c54b78a2a
    name: libnl3
    evr: 3.11.0-1.el9
    sourcerpm: libnl3-3.11.0-1.el9.src.rpm
  - url: https://mirror.stream.centos.org/9-stream/BaseOS/x86_64/os/Packages/libpwquality-1.4.4-8.el9.x86_64.rpm
    repoid: baseos
    size: 121892
    checksum: sha256:93f00e5efac1e3f1ecbc0d6a4c068772cb12912cd20c9ea58716d6c0cd004886
    name: libpwquality
    evr: 1.4.4-8.el9
    sourcerpm: libpwquality-1.4.4-8.el9.src.rpm
  - url: https://mirror.stream.centos.org/9-stream/BaseOS/x86_64/os/Packages/libseccomp-2.5.6-1.el9.x86_64.rpm
    repoid: baseos
    size: 70501
    checksum: sha256:73779d9eb83b4334fb312a7a6bcf7764780777f168724d7e57f6477fd912ac0a
    name: libseccomp
    evr: 2.5.6-1.el9
    sourcerpm: libseccomp-2.5.6-1.el9.src.rpm
  - url: https://mirror.stream.centos.org/9-stream/BaseOS/x86_64/os/Packages/libusbx-1.0.30-1.el9.x86_64.rpm
    repoid: baseos
    size: 79074
    checksum: sha256:89937542b4af7b56fc1f13a93bff7e601597e77159a0007a929bc01469a739df
    name: libusbx
    evr: 1.0.30-1.el9
    sourcerpm: libusbx-1.0.30-1.el9.src.rpm
  - url: https://mirror.stream.centos.org/9-stream/BaseOS/x86_64/os/Packages/libutempter-1.2.1-6.el9.x86_64.rpm
    repoid: baseos
    size: 27380
    checksum: sha256:fab361a9cba04490fd8b5664049983d1e57ebf7c1080804726ba600708524125
    name: libutempter
    evr: 1.2.1-6.el9
    sourcerpm: libutempter-1.2.1-6.el9.src.rpm
  - url: https://mirror.stream.centos.org/9-stream/BaseOS/x86_64/os/Packages/openssl-3.5.5-3.el9.x86_64.rpm
    repoid: baseos
    size: 1556624
    checksum: sha256:c4afe380c4c7d027479fd16d2c9926d489156ffe1b5e5844aebe239a7fac6e09
    name: openssl
    evr: 1:3.5.5-3.el9
    sourcerpm: openssl-3.5.5-3.el9.src.rpm
  - url: https://mirror.stream.centos.org/9-stream/BaseOS/x86_64/os/Packages/pam-1.5.1-29.el9.x86_64.rpm
    repoid: baseos
    size: 638502
    checksum: sha256:fb6521a7339de9b9be954d07aef4787867b85b45fdd78f65703bbd8819f6d585
    name: pam
    evr: 1.5.1-29.el9
    sourcerpm: pam-1.5.1-29.el9.src.rpm
  - url: https://mirror.stream.centos.org/9-stream/BaseOS/x86_64/os/Packages/pciutils-3.7.0-8.el9.x86_64.rpm
    repoid: baseos
    size: 93974
    checksum: sha256:90497015f36f8327701c1471f9255fc8f379dd9f08685a11836f48a882976fb5
    name: pciutils
    evr: 3.7.0-8.el9
    sourcerpm: pciutils-3.7.0-8.el9.src.rpm
  - url: https://mirror.stream.centos.org/9-stream/BaseOS/x86_64/os/Packages/pciutils-libs-3.7.0-8.el9.x86_64.rpm
    repoid: baseos
    size: 40783
    checksum: sha256:63526d1a912690cba2bb88c5616681bfd403b527bec7a2033ef2f147911e2c49
    name: pciutils-libs
    evr: 3.7.0-8.el9
    sourcerpm: pciutils-3.7.0-8.el9.src.rpm
  - url: https://mirror.stream.centos.org/9-stream/BaseOS/x86_64/os/Packages/procps-ng-3.3.17-15.el9.x86_64.rpm
    repoid: baseos
    size: 352846
    checksum: sha256:92732e06c5bd35dd5eb4d8e0c568a6563db0cd2dbef65031f0bb2e4341de2fc3
    name: procps-ng
    evr: 3.3.17-15.el9
    sourcerpm: procps-ng-3.3.17-15.el9.src.rpm
  - url: https://mirror.stream.centos.org/9-stream/BaseOS/x86_64/os/Packages/psmisc-23.4-3.el9.x86_64.rpm
    repoid: baseos
    size: 249145
    checksum: sha256:e02fc28d42912689b006fcc1e98bdb5b0eefba538eb024c4e00ec9adc348449d
    name: psmisc
    evr: 23.4-3.el9
    sourcerpm: psmisc-23.4-3.el9.src.rpm
  - url: https://mirror.stream.centos.org/9-stream/BaseOS/x86_64/os/Packages/systemd-252-71.el9.x86_64.rpm
    repoid: baseos
    size: 4390842
    checksum: sha256:762f43784312f9e19c5f1e39381fbe91f2d1601fc6a711c586063e8909ef7378
    name: systemd
    evr: 252-71.el9
    sourcerpm: systemd-252-71.el9.src.rpm
  - url: https://mirror.stream.centos.org/9-stream/BaseOS/x86_64/os/Packages/systemd-libs-252-71.el9.x86_64.rpm
    repoid: baseos
    size: 673027
    checksum: sha256:8c64338faba581c7348243b5f451a17acdfd1aacf8494ee7d20634c890bd5d98
    name: systemd-libs
    evr: 252-71.el9
    sourcerpm: systemd-252-71.el9.src.rpm
  - url: https://mirror.stream.centos.org/9-stream/BaseOS/x86_64/os/Packages/systemd-pam-252-71.el9.x86_64.rpm
    repoid: baseos
    size: 270253
    checksum: sha256:787a3e9c31a3fa5825e9046849c91dd2e5ec87a7e55f99143d01fb4e3685409c
    name: systemd-pam
    evr: 252-71.el9
    sourcerpm: systemd-252-71.el9.src.rpm
  - url: https://mirror.stream.centos.org/9-stream/BaseOS/x86_64/os/Packages/systemd-rpm-macros-252-71.el9.noarch.rpm
    repoid: baseos
    size: 52881
    checksum: sha256:374e3c9291d2f083e71d56df22eb1c75f76d7339777b9231b732df6f0f2560b1
    name: systemd-rpm-macros
    evr: 252-71.el9
    sourcerpm: systemd-252-71.el9.src.rpm
  - url: https://mirror.stream.centos.org/9-stream/BaseOS/x86_64/os/Packages/systemd-udev-252-71.el9.x86_64.rpm
    repoid: baseos
    size: 2119727
    checksum: sha256:2acf7cbf5d137297b072ebcb6596619caba58287fc9d567adc1c7c2274a3965c
    name: systemd-udev
    evr: 252-71.el9
    sourcerpm: systemd-252-71.el9.src.rpm
  - url: https://mirror.stream.centos.org/9-stream/BaseOS/x86_64/os/Packages/util-linux-2.37.4-25.el9.x86_64.rpm
    repoid: baseos
    size: 2375127
    checksum: sha256:2d2b2ba4dea25b829031788e6afdc640412a42ac9b9e70a691aad219f744d0ec
    name: util-linux
    evr: 2.37.4-25.el9
    sourcerpm: util-linux-2.37.4-25.el9.src.rpm
  - url: https://mirror.stream.centos.org/9-stream/BaseOS/x86_64/os/Packages/util-linux-core-2.37.4-25.el9.x86_64.rpm
    repoid: baseos
    size: 469218
    checksum: sha256:15c9e658afed9d50ce20908fd4080cd12042f4bf508f67b2ecbc889ae41c7414
    name: util-linux-core
    evr: 2.37.4-25.el9
    sourcerpm: util-linux-2.37.4-25.el9.src.rpm
  source:
  - url: https://mirror.stream.centos.org/9-stream/AppStream/source/tree/Packages/gpsd-minimal-3.26.1-2.el9.src.rpm
    repoid: appstream-source
    size: 11647206
    checksum: sha256:2928e36a9067a6e987ec2cae547bad50ebde3f906998fcc04a21013fc7a4f539
    name: gpsd-minimal
    evr: 1:3.26.1-2.el9
  - url: https://mirror.stream.centos.org/9-stream/AppStream/source/tree/Packages/linuxptp-4.4-4.el9.src.rpm
    repoid: appstream-source
    size: 384194
    checksum: sha256:125f8c97b16c4289194b53207b9aa97375d92d2eef83bc68061e3fcb591dfb3c
    name: linuxptp
    evr: 4.4-4.el9
  - url: https://mirror.stream.centos.org/9-stream/AppStream/source/tree/Packages/pyserial-3.4-12.el9.src.rpm
    repoid: appstream-source
    size: 162928
    checksum: sha256:ec25938a5af34acf56c249b555280f0cefd5ccce34ee9a72eac9532536e36e43
    name: pyserial
    evr: 3.4-12.el9
  - url: https://mirror.stream.centos.org/9-stream/AppStream/source/tree/Packages/synce4l-1.1.0-2.el9.src.rpm
    repoid: appstream-source
    size: 101764
    checksum: sha256:675f10b1752218152a081e226248c6c044687d9336ada4d3050972c46c842473
    name: synce4l
    evr: 1.1.0-2.el9
  - url: https://mirror.stream.centos.org/9-stream/BaseOS/source/tree/Packages/acl-2.3.1-4.el9.src.rpm
    repoid: baseos-source
    size: 534373
    checksum: sha256:46bb73ec040aeffeca18dca0dff00985211ef995ffdb8be32fb0463c346b743b
    name: acl
    evr: 2.3.1-4.el9
  - url: https://mirror.stream.centos.org/9-stream/BaseOS/source/tree/Packages/bluez-5.86-2.el9.src.rpm
    repoid: baseos-source
    size: 2282897
    checksum: sha256:0c0ab28445e872cb5aaf8a061173e134736b6f3d262a30938dfb81cd18a9295a
    name: bluez
    evr: 5.86-2.el9
  - url: https://mirror.stream.centos.org/9-stream/BaseOS/source/tree/Packages/chrony-4.8-1.el9.src.rpm
    repoid: baseos-source
    size: 727990
    checksum: sha256:5056fc24081b28272d0accba047e54066f9bbf9c553ebffe8e5a803373feba2c
    name: chrony
    evr: 4.8-1.el9
  - url: https://mirror.stream.centos.org/9-stream/BaseOS/source/tree/Packages/cracklib-2.9.6-28.el9.src.rpm
    repoid: baseos-source
    size: 6408986
    checksum: sha256:be67789d2e1d5cb8eaa3e913fc3fc384ffbeecf704cc55b7ad4ddf0527be0c80
    name: cracklib
    evr: 2.9.6-28.el9
  - url: https://mirror.stream.centos.org/9-stream/BaseOS/source/tree/Packages/cryptsetup-2.8.6-1.el9.src.rpm
    repoid: baseos-source
    size: 11920576
    checksum: sha256:ac7f794b1ff3606fe53c59c8b625614e394edaea7aede625b62dfebe2f70b9a6
    name: cryptsetup
    evr: 2.8.6-1.el9
  - url: https://mirror.stream.centos.org/9-stream/BaseOS/source/tree/Packages/dbus-1.12.20-9.el9.src.rpm
    repoid: baseos-source
    size: 2141022
    checksum: sha256:bef7ba131f6b4164152b8a7d2fe4d6613e49ce056a17b842c84d545972838db3
    name: dbus
    evr: 1:1.12.20-9.el9
  - url: https://mirror.stream.centos.org/9-stream/BaseOS/source/tree/Packages/dbus-broker-28-7.el9.src.rpm
    repoid: baseos-source
    size: 252830
    checksum: sha256:34b375041ab9470a1ad9b9288ca6fe4aa14865718bf6f4917c56db94fa5e3fab
    name: dbus-broker
    evr: 28-7.el9
  - url: https://mirror.stream.centos.org/9-stream/BaseOS/source/tree/Packages/ethtool-6.19-1.el9.src.rpm
    repoid: baseos-source
    size: 468515
    checksum: sha256:4115b7dfc7027b3e1cf6d8bc526d782692d98d36921a4d661a4b6aaea4411edb
    name: ethtool
    evr: 2:6.19-1.el9
  - url: https://mirror.stream.centos.org/9-stream/BaseOS/source/tree/Packages/hwdata-0.348-9.23.el9.src.rpm
    repoid: baseos-source
    size: 2629578
    checksum: sha256:80c98adc4e54be97ed399f1d29add9466344d499a40dd0c8f22d695a0ab24867
    name: hwdata
    evr: 0.348-9.23.el9
  - url: https://mirror.stream.centos.org/9-stream/BaseOS/source/tree/Packages/iproute-6.17.0-2.el9.src.rpm
    repoid: baseos-source
    size: 975352
    checksum: sha256:4867960882a7a5c569643c2b3940e06805400291c41e145d99bca1222e92b935
    name: iproute
    evr: 6.17.0-2.el9
  - url: https://mirror.stream.centos.org/9-stream/BaseOS/source/tree/Packages/kbd-2.4.0-11.el9.src.rpm
    repoid: baseos-source
    size: 1163192
    checksum: sha256:f11f34113381d5fa43a61ecd43db6b27061fbe1387cffdbb5bafce7ff019d2e8
    name: kbd
    evr: 2.4.0-11.el9
  - url: https://mirror.stream.centos.org/9-stream/BaseOS/source/tree/Packages/kmod-28-11.el9.src.rpm
    repoid: baseos-source
    size: 579121
    checksum: sha256:c56ae01a7cbc750a1c85fcaa0449c5e5c1cb5d62f2a1d7376bacc7b5f66a6e3c
    name: kmod
    evr: 28-11.el9
  - url: https://mirror.stream.centos.org/9-stream/BaseOS/source/tree/Packages/libbpf-1.5.0-3.el9.src.rpm
    repoid: baseos-source
    size: 146253492
    checksum: sha256:367a00fbfd62d3eb6397ec4c9254755570872594795c97fd580c4b1a677c9a29
    name: libbpf
    evr: 2:1.5.0-3.el9
  - url: https://mirror.stream.centos.org/9-stream/BaseOS/source/tree/Packages/libdb-5.3.28-57.el9.src.rpm
    repoid: baseos-source
    size: 35286676
    checksum: sha256:9b1031e3006b7137087efd088b85079b7a6fc83f4e25d0084d423afc05dd6b9b
    name: libdb
    evr: 5.3.28-57.el9
  - url: https://mirror.stream.centos.org/9-stream/BaseOS/source/tree/Packages/libeconf-0.4.1-7.el9.src.rpm
    repoid: baseos-source
    size: 200422
    checksum: sha256:1ff6abc46f22681878a59dc3995ded3172056620be70cbeb2ddda546f6ccbfb5
    name: libeconf
    evr: 0.4.1-7.el9
  - url: https://mirror.stream.centos.org/9-stream/BaseOS/source/tree/Packages/libedit-3.1-39.20210216cvs.el9.src.rpm
    repoid: baseos-source
    size: 530374
    checksum: sha256:fcd1648b87d4501f864624e55f4de1271852c7780b149fab0d0f226bd52121aa
    name: libedit
    evr: 3.1-39.20210216cvs.el9
  - url: https://mirror.stream.centos.org/9-stream/BaseOS/source/tree/Packages/libmnl-1.0.4-16.el9.src.rpm
    repoid: baseos-source
    size: 313060
    checksum: sha256:1c5ee621bad4ccb6c0c2d6e80a45dc4aa08c4e353c0213beab544c185c2bf618
    name: libmnl
    evr: 1.0.4-16.el9
  - url: https://mirror.stream.centos.org/9-stream/BaseOS/source/tree/Packages/libnl3-3.11.0-1.el9.src.rpm
    repoid: baseos-source
    size: 5068056
    checksum: sha256:8382ea2d585f3f0c5e0a6f4eea20bc7e5b30e1f78bc5fb35e570c80585461dfa
    name: libnl3
    evr: 3.11.0-1.el9
  - url: https://mirror.stream.centos.org/9-stream/BaseOS/source/tree/Packages/libpwquality-1.4.4-8.el9.src.rpm
    repoid: baseos-source
    size: 446495
    checksum: sha256:4c7aa3fcb660318db2ef110c0340ff11ec6fd2a4a6b12f0069a7bddd69dc499c
    name: libpwquality
    evr: 1.4.4-8.el9
  - url: https://mirror.stream.centos.org/9-stream/BaseOS/source/tree/Packages/libseccomp-2.5.6-1.el9.src.rpm
    repoid: baseos-source
    size: 641578
    checksum: sha256:7b28246c41d520aefdda32ca76504a9927d11e78a690d370e4d49ae72fc7e814
    name: libseccomp
    evr: 2.5.6-1.el9
  - url: https://mirror.stream.centos.org/9-stream/BaseOS/source/tree/Packages/libusbx-1.0.30-1.el9.src.rpm
    repoid: baseos-source
    size: 666408
    checksum: sha256:04399a1b8e40e4ec693b9478bcfe0d13472d1f73d8eefd845523bdb040bd04de
    name: libusbx
    evr: 1.0.30-1.el9
  - url: https://mirror.stream.centos.org/9-stream/BaseOS/source/tree/Packages/libutempter-1.2.1-6.el9.src.rpm
    repoid: baseos-source
    size: 29587
    checksum: sha256:0823c279c9d3c3e55cbdf4ab8940b1482582117b2a7e24cf45fda2351c6bde55
    name: libutempter
    evr: 1.2.1-6.el9
  - url: https://mirror.stream.centos.org/9-stream/BaseOS/source/tree/Packages/lvm2-2.03.33-6.el9.src.rpm
    repoid: baseos-source
    size: 3217522
    checksum: sha256:6a7b894505d75a14077ab5734217c958d9054fa87f7b05d15f4f37681bee13ff
    name: lvm2
    evr: 9:2.03.33-6.el9
  - url: https://mirror.stream.centos.org/9-stream/BaseOS/source/tree/Packages/openssl-3.5.5-3.el9.src.rpm
    repoid: baseos-source
    size: 53313257
    checksum: sha256:97e8fa073e6b18625ae12adafa54275d50323a820b500c62384c20548570e11c
    name: openssl
    evr: 1:3.5.5-3.el9
  - url: https://mirror.stream.centos.org/9-stream/BaseOS/source/tree/Packages/pam-1.5.1-29.el9.src.rpm
    repoid: baseos-source
    size: 1136152
    checksum: sha256:aa27aa9a1151fa362e2de0a1dcf01db43f9e9dc9c8dc07f726170fe170ab46e1
    name: pam
    evr: 1.5.1-29.el9
  - url: https://mirror.stream.centos.org/9-stream/BaseOS/source/tree/Packages/pciutils-3.7.0-8.el9.src.rpm
    repoid: baseos-source
    size: 395241
    checksum: sha256:fdd48b5b4e0d8f79a06cbeaa593d0b8fe3b8c4d7a8be7ccb0be6ef9503bf06ab
    name: pciutils
    evr: 3.7.0-8.el9
  - url: https://mirror.stream.centos.org/9-stream/BaseOS/source/tree/Packages/procps-ng-3.3.17-15.el9.src.rpm
    repoid: baseos-source
    size: 1048592
    checksum: sha256:9a0b1e95430dbc46938d95418be58aa992e0206190abc2daefd20d49b732142c
    name: procps-ng
    evr: 3.3.17-15.el9
  - url: https://mirror.stream.centos.org/9-stream/BaseOS/source/tree/Packages/psmisc-23.4-3.el9.src.rpm
    repoid: baseos-source
    size: 385497
    checksum: sha256:2329b39afa698fcd32740d79a22aeb3c822e1813ec7fae81f62e3c07c5ee133e
    name: psmisc
    evr: 23.4-3.el9
  - url: https://mirror.stream.centos.org/9-stream/BaseOS/source/tree/Packages/systemd-252-71.el9.src.rpm
    repoid: baseos-source
    size: 45016557
    checksum: sha256:6395ee73c99dbbe8b7d8c021fc38ec766181df2ed2680bfecc92f31804614b57
    name: systemd
    evr: 252-71.el9
  - url: https://mirror.stream.centos.org/9-stream/BaseOS/source/tree/Packages/util-linux-2.37.4-25.el9.src.rpm
    repoid: baseos-source
    size: 6284590
    checksum: sha256:0255da80511e1f1e683ba17316039a2d2efa0ece1fb2e01212b463ea00bc3491
    name: util-linux
    evr: 2.37.4-25.el9
  module_metadata: []
