---
lockfileVersion: 1
lockfileVendor: redhat
arches:
- arch: aarch64
  packages:
  - url: https://cdn-ubi.redhat.com/content/public/ubi/dist/ubi9/9/aarch64/baseos/os/Packages/r/rsync-3.2.7-1.el9_8.aarch64.rpm
    repoid: ubi-9-baseos-rpms
    size: 466719
    checksum: sha256:77ba6761d7316c4842a350af8bb3da69941634f9253bcbbfeaa7f79237b78261
    name: rsync
    evr: 3.2.7-1.el9_8
    sourcerpm: rsync-3.2.7-1.el9_8.src.rpm
  source:
  - url: https://cdn-ubi.redhat.com/content/public/ubi/dist/ubi9/9/aarch64/baseos/source/SRPMS/Packages/r/rsync-3.2.7-1.el9_8.src.rpm
    repoid: ubi-9-baseos-source-rpms
    size: 1594371
    checksum: sha256:f0ea5966a6b8652c2116d84d6cde915ffec6455104c3aa12f2017dc28dc4c022
    name: rsync
    evr: 3.2.7-1.el9_8
  module_metadata: []
- arch: x86_64
  packages:
  - url: https://cdn-ubi.redhat.com/content/public/ubi/dist/ubi9/9/x86_64/baseos/os/Packages/r/rsync-3.2.7-1.el9_8.x86_64.rpm
    repoid: ubi-9-baseos-rpms
    size: 471331
    checksum: sha256:c56921bb5c0304fc0e9b7bb8ea1b95cc66a789d2e8c0d1f1ec078433cac4c78f
    name: rsync
    evr: 3.2.7-1.el9_8
    sourcerpm: rsync-3.2.7-1.el9_8.src.rpm
  source:
  - url: https://cdn-ubi.redhat.com/content/public/ubi/dist/ubi9/9/x86_64/baseos/source/SRPMS/Packages/r/rsync-3.2.7-1.el9_8.src.rpm
    repoid: ubi-9-baseos-source-rpms
    size: 1594371
    checksum: sha256:f0ea5966a6b8652c2116d84d6cde915ffec6455104c3aa12f2017dc28dc4c022
    name: rsync
    evr: 3.2.7-1.el9_8
  module_metadata: []
